// !$*UTF8*$!
{
	archiveVersion = 1;
	classes = {
	};
	objectVersion = 46;
	objects = {

/* Begin PBXBuildFile section */
		CA476C3E1BC93F3C005E6283 /* MBProgressHUD+NJ.m in Sources */ = {isa = PBXBuildFile; fileRef = CA476C3A1BC93F3C005E6283 /* MBProgressHUD+NJ.m */; };
		CA476C3F1BC93F3C005E6283 /* MBProgressHUD.bundle in Resources */ = {isa = PBXBuildFile; fileRef = CA476C3B1BC93F3C005E6283 /* MBProgressHUD.bundle */; };
		CA476C401BC93F3C005E6283 /* MBProgressHUD.m in Sources */ = {isa = PBXBuildFile; fileRef = CA476C3D1BC93F3C005E6283 /* MBProgressHUD.m */; };
		CA4F25881BDB4DFC00F2469D /* ZCHomeCellToolBar.m in Sources */ = {isa = PBXBuildFile; fileRef = CA4F25871BDB4DFC00F2469D /* ZCHomeCellToolBar.m */; };
		CA4F258B1BDB4F1100F2469D /* ZCStatusCell.m in Sources */ = {isa = PBXBuildFile; fileRef = CA4F258A1BDB4F1100F2469D /* ZCStatusCell.m */; };
		CAC5D1461BC53F85005399BB /* Images.xcassets in Resources */ = {isa = PBXBuildFile; fileRef = CAC5D1451BC53F85005399BB /* Images.xcassets */; };
		CAC5D1551BC53F85005399BB /* _8_______01Tests.m in Sources */ = {isa = PBXBuildFile; fileRef = CAC5D1541BC53F85005399BB /* _8_______01Tests.m */; };
		CAC5D1AD1BC64041005399BB /* ZCDiscoverViewController.m in Sources */ = {isa = PBXBuildFile; fileRef = CAC5D1841BC64041005399BB /* ZCDiscoverViewController.m */; };
		CAC5D1AE1BC64041005399BB /* ZCHomeViewController.m in Sources */ = {isa = PBXBuildFile; fileRef = CAC5D18A1BC64041005399BB /* ZCHomeViewController.m */; };
		CAC5D1AF1BC64041005399BB /* ZCNavigationController.m in Sources */ = {isa = PBXBuildFile; fileRef = CAC5D1901BC64041005399BB /* ZCNavigationController.m */; };
		CAC5D1B01BC64041005399BB /* ZCTabBarViewController.m in Sources */ = {isa = PBXBuildFile; fileRef = CAC5D1921BC64041005399BB /* ZCTabBarViewController.m */; };
		CAC5D1B11BC64041005399BB /* UIView+Extesion.m in Sources */ = {isa = PBXBuildFile; fileRef = CAC5D1951BC64041005399BB /* UIView+Extesion.m */; };
		CAC5D1B21BC64041005399BB /* main.m in Sources */ = {isa = PBXBuildFile; fileRef = CAC5D1981BC64041005399BB /* main.m */; };
		CAC5D1B31BC64041005399BB /* ZCAppDelegate.m in Sources */ = {isa = PBXBuildFile; fileRef = CAC5D19A1BC64041005399BB /* ZCAppDelegate.m */; };
		CAC5D1B41BC64041005399BB /* ZCMessageViewController.m in Sources */ = {isa = PBXBuildFile; fileRef = CAC5D19F1BC64041005399BB /* ZCMessageViewController.m */; };
		CAC5D1B51BC64041005399BB /* ZCProfileTableViewController.m in Sources */ = {isa = PBXBuildFile; fileRef = CAC5D1A51BC64041005399BB /* ZCProfileTableViewController.m */; };
		CAC5D1B61BC64041005399BB /* ZCTest-1ViewController.m in Sources */ = {isa = PBXBuildFile; fileRef = CAC5D1AA1BC64041005399BB /* ZCTest-1ViewController.m */; };
		CAC5D1B71BC64041005399BB /* ZCTest-2ViewController.m in Sources */ = {isa = PBXBuildFile; fileRef = CAC5D1AC1BC64041005399BB /* ZCTest-2ViewController.m */; };
		CAC5D1BA1BC643CB005399BB /* UIButton+Extension.m in Sources */ = {isa = PBXBuildFile; fileRef = CAC5D1B91BC643CB005399BB /* UIButton+Extension.m */; };
		CAC93C7B1BD90BFD00844E2B /* ZCPhotos.m in Sources */ = {isa = PBXBuildFile; fileRef = CAC93C7A1BD90BFD00844E2B /* ZCPhotos.m */; };
		CADE0E591BCE94670006FAF4 /* MKAnnotationView+WebCache.m in Sources */ = {isa = PBXBuildFile; fileRef = CADE0E391BCE94670006FAF4 /* MKAnnotationView+WebCache.m */; };
		CADE0E5A1BCE94670006FAF4 /* NSData+ImageContentType.m in Sources */ = {isa = PBXBuildFile; fileRef = CADE0E3B1BCE94670006FAF4 /* NSData+ImageContentType.m */; };
		CADE0E5B1BCE94670006FAF4 /* SDImageCache.m in Sources */ = {isa = PBXBuildFile; fileRef = CADE0E3D1BCE94670006FAF4 /* SDImageCache.m */; };
		CADE0E5C1BCE94670006FAF4 /* SDWebImageCompat.m in Sources */ = {isa = PBXBuildFile; fileRef = CADE0E3F1BCE94670006FAF4 /* SDWebImageCompat.m */; };
		CADE0E5D1BCE94670006FAF4 /* SDWebImageDecoder.m in Sources */ = {isa = PBXBuildFile; fileRef = CADE0E411BCE94670006FAF4 /* SDWebImageDecoder.m */; };
		CADE0E5E1BCE94670006FAF4 /* SDWebImageDownloader.m in Sources */ = {isa = PBXBuildFile; fileRef = CADE0E431BCE94670006FAF4 /* SDWebImageDownloader.m */; };
		CADE0E5F1BCE94670006FAF4 /* SDWebImageDownloaderOperation.m in Sources */ = {isa = PBXBuildFile; fileRef = CADE0E451BCE94670006FAF4 /* SDWebImageDownloaderOperation.m */; };
		CADE0E601BCE94670006FAF4 /* SDWebImageManager.m in Sources */ = {isa = PBXBuildFile; fileRef = CADE0E471BCE94670006FAF4 /* SDWebImageManager.m */; };
		CADE0E611BCE94670006FAF4 /* SDWebImagePrefetcher.m in Sources */ = {isa = PBXBuildFile; fileRef = CADE0E4A1BCE94670006FAF4 /* SDWebImagePrefetcher.m */; };
		CADE0E621BCE94670006FAF4 /* UIButton+WebCache.m in Sources */ = {isa = PBXBuildFile; fileRef = CADE0E4C1BCE94670006FAF4 /* UIButton+WebCache.m */; };
		CADE0E631BCE94670006FAF4 /* UIImage+GIF.m in Sources */ = {isa = PBXBuildFile; fileRef = CADE0E4E1BCE94670006FAF4 /* UIImage+GIF.m */; };
		CADE0E641BCE94670006FAF4 /* UIImage+MultiFormat.m in Sources */ = {isa = PBXBuildFile; fileRef = CADE0E501BCE94670006FAF4 /* UIImage+MultiFormat.m */; };
		CADE0E651BCE94670006FAF4 /* UIImage+WebP.m in Sources */ = {isa = PBXBuildFile; fileRef = CADE0E521BCE94670006FAF4 /* UIImage+WebP.m */; };
		CADE0E661BCE94670006FAF4 /* UIImageView+HighlightedWebCache.m in Sources */ = {isa = PBXBuildFile; fileRef = CADE0E541BCE94670006FAF4 /* UIImageView+HighlightedWebCache.m */; };
		CADE0E671BCE94670006FAF4 /* UIImageView+WebCache.m in Sources */ = {isa = PBXBuildFile; fileRef = CADE0E561BCE94670006FAF4 /* UIImageView+WebCache.m */; };
		CADE0E681BCE94670006FAF4 /* UIView+WebCacheOperation.m in Sources */ = {isa = PBXBuildFile; fileRef = CADE0E581BCE94670006FAF4 /* UIView+WebCacheOperation.m */; };
		CADE0E811BCE9A650006FAF4 /* MJArgument.m in Sources */ = {isa = PBXBuildFile; fileRef = CADE0E6B1BCE9A650006FAF4 /* MJArgument.m */; };
		CADE0E821BCE9A650006FAF4 /* MJConst.m in Sources */ = {isa = PBXBuildFile; fileRef = CADE0E6D1BCE9A650006FAF4 /* MJConst.m */; };
		CADE0E831BCE9A650006FAF4 /* MJFoundation.m in Sources */ = {isa = PBXBuildFile; fileRef = CADE0E701BCE9A650006FAF4 /* MJFoundation.m */; };
		CADE0E841BCE9A650006FAF4 /* MJIvar.m in Sources */ = {isa = PBXBuildFile; fileRef = CADE0E721BCE9A650006FAF4 /* MJIvar.m */; };
		CADE0E851BCE9A650006FAF4 /* MJMember.m in Sources */ = {isa = PBXBuildFile; fileRef = CADE0E741BCE9A650006FAF4 /* MJMember.m */; };
		CADE0E861BCE9A650006FAF4 /* MJMethod.m in Sources */ = {isa = PBXBuildFile; fileRef = CADE0E761BCE9A650006FAF4 /* MJMethod.m */; };
		CADE0E871BCE9A650006FAF4 /* MJType.m in Sources */ = {isa = PBXBuildFile; fileRef = CADE0E781BCE9A650006FAF4 /* MJType.m */; };
		CADE0E881BCE9A650006FAF4 /* MJTypeEncoding.m in Sources */ = {isa = PBXBuildFile; fileRef = CADE0E7A1BCE9A650006FAF4 /* MJTypeEncoding.m */; };
		CADE0E891BCE9A650006FAF4 /* NSObject+MJCoding.m in Sources */ = {isa = PBXBuildFile; fileRef = CADE0E7C1BCE9A650006FAF4 /* NSObject+MJCoding.m */; };
		CADE0E8A1BCE9A650006FAF4 /* NSObject+MJKeyValue.m in Sources */ = {isa = PBXBuildFile; fileRef = CADE0E7E1BCE9A650006FAF4 /* NSObject+MJKeyValue.m */; };
		CADE0E8B1BCE9A650006FAF4 /* NSObject+MJMember.m in Sources */ = {isa = PBXBuildFile; fileRef = CADE0E801BCE9A650006FAF4 /* NSObject+MJMember.m */; };
		CADE0E8E1BCE9A770006FAF4 /* ZCUser.m in Sources */ = {isa = PBXBuildFile; fileRef = CADE0E8D1BCE9A770006FAF4 /* ZCUser.m */; };
		CADE0E911BCE9A850006FAF4 /* ZCStatus.m in Sources */ = {isa = PBXBuildFile; fileRef = CADE0E901BCE9A850006FAF4 /* ZCStatus.m */; };
		CAE15F501BD33F6F003E0D13 /* ZCLoadMoreFooter.m in Sources */ = {isa = PBXBuildFile; fileRef = CAE15F4F1BD33F6F003E0D13 /* ZCLoadMoreFooter.m */; };
		CAE15F541BD33FB7003E0D13 /* ZCLoadMoreFooter.xib in Resources */ = {isa = PBXBuildFile; fileRef = CAE15F531BD33FB7003E0D13 /* ZCLoadMoreFooter.xib */; };
		CAE2E3821BD5E4B1002BFBF8 /* ZCStatusFrame.m in Sources */ = {isa = PBXBuildFile; fileRef = CAE2E3811BD5E4B1002BFBF8 /* ZCStatusFrame.m */; };
		CAE3EC9E1BC7DB550068B79F /* ZCPullDownViewController.m in Sources */ = {isa = PBXBuildFile; fileRef = CAE3EC9D1BC7DB550068B79F /* ZCPullDownViewController.m */; };
		CAE3ECA11BC7DD290068B79F /* ZCPullDownView.m in Sources */ = {isa = PBXBuildFile; fileRef = CAE3ECA01BC7DD290068B79F /* ZCPullDownView.m */; };
		CAE3EEB71BC89BAF0068B79F /* ZCTabBar.m in Sources */ = {isa = PBXBuildFile; fileRef = CAE3EEB61BC89BAF0068B79F /* ZCTabBar.m */; };
		CAE3EEBA1BC8AE850068B79F /* ZCButton.m in Sources */ = {isa = PBXBuildFile; fileRef = CAE3EEB91BC8AE850068B79F /* ZCButton.m */; };
		CAE3EECF1BC8BC850068B79F /* AFHTTPRequestOperation.m in Sources */ = {isa = PBXBuildFile; fileRef = CAE3EEBD1BC8BC850068B79F /* AFHTTPRequestOperation.m */; };
		CAE3EED01BC8BC850068B79F /* AFHTTPRequestOperationManager.m in Sources */ = {isa = PBXBuildFile; fileRef = CAE3EEBF1BC8BC850068B79F /* AFHTTPRequestOperationManager.m */; };
		CAE3EED11BC8BC850068B79F /* AFHTTPSessionManager.m in Sources */ = {isa = PBXBuildFile; fileRef = CAE3EEC11BC8BC850068B79F /* AFHTTPSessionManager.m */; };
		CAE3EED21BC8BC850068B79F /* AFNetworkReachabilityManager.m in Sources */ = {isa = PBXBuildFile; fileRef = CAE3EEC41BC8BC850068B79F /* AFNetworkReachabilityManager.m */; };
		CAE3EED31BC8BC850068B79F /* AFSecurityPolicy.m in Sources */ = {isa = PBXBuildFile; fileRef = CAE3EEC61BC8BC850068B79F /* AFSecurityPolicy.m */; };
		CAE3EED41BC8BC850068B79F /* AFURLConnectionOperation.m in Sources */ = {isa = PBXBuildFile; fileRef = CAE3EEC81BC8BC850068B79F /* AFURLConnectionOperation.m */; };
		CAE3EED51BC8BC850068B79F /* AFURLRequestSerialization.m in Sources */ = {isa = PBXBuildFile; fileRef = CAE3EECA1BC8BC850068B79F /* AFURLRequestSerialization.m */; };
		CAE3EED61BC8BC850068B79F /* AFURLResponseSerialization.m in Sources */ = {isa = PBXBuildFile; fileRef = CAE3EECC1BC8BC850068B79F /* AFURLResponseSerialization.m */; };
		CAE3EED71BC8BC850068B79F /* AFURLSessionManager.m in Sources */ = {isa = PBXBuildFile; fileRef = CAE3EECE1BC8BC850068B79F /* AFURLSessionManager.m */; };
		CAE3EEF31BC8BC990068B79F /* Info.plist in Resources */ = {isa = PBXBuildFile; fileRef = CAE3EED91BC8BC990068B79F /* Info.plist */; };
		CAE3EEF41BC8BC990068B79F /* MASCompositeConstraint.m in Sources */ = {isa = PBXBuildFile; fileRef = CAE3EEDB1BC8BC990068B79F /* MASCompositeConstraint.m */; };
		CAE3EEF51BC8BC990068B79F /* MASConstraint.m in Sources */ = {isa = PBXBuildFile; fileRef = CAE3EEDE1BC8BC990068B79F /* MASConstraint.m */; };
		CAE3EEF61BC8BC990068B79F /* MASConstraintMaker.m in Sources */ = {isa = PBXBuildFile; fileRef = CAE3EEE01BC8BC990068B79F /* MASConstraintMaker.m */; };
		CAE3EEF71BC8BC990068B79F /* MASLayoutConstraint.m in Sources */ = {isa = PBXBuildFile; fileRef = CAE3EEE21BC8BC990068B79F /* MASLayoutConstraint.m */; };
		CAE3EEF81BC8BC990068B79F /* MASViewAttribute.m in Sources */ = {isa = PBXBuildFile; fileRef = CAE3EEE61BC8BC990068B79F /* MASViewAttribute.m */; };
		CAE3EEF91BC8BC990068B79F /* MASViewConstraint.m in Sources */ = {isa = PBXBuildFile; fileRef = CAE3EEE81BC8BC990068B79F /* MASViewConstraint.m */; };
		CAE3EEFA1BC8BC990068B79F /* NSArray+MASAdditions.m in Sources */ = {isa = PBXBuildFile; fileRef = CAE3EEEA1BC8BC990068B79F /* NSArray+MASAdditions.m */; };
		CAE3EEFB1BC8BC990068B79F /* NSLayoutConstraint+MASDebugAdditions.m in Sources */ = {isa = PBXBuildFile; fileRef = CAE3EEED1BC8BC990068B79F /* NSLayoutConstraint+MASDebugAdditions.m */; };
		CAE3EEFC1BC8BC990068B79F /* View+MASAdditions.m in Sources */ = {isa = PBXBuildFile; fileRef = CAE3EEEF1BC8BC990068B79F /* View+MASAdditions.m */; };
		CAE3EEFD1BC8BC990068B79F /* ViewController+MASAdditions.m in Sources */ = {isa = PBXBuildFile; fileRef = CAE3EEF21BC8BC990068B79F /* ViewController+MASAdditions.m */; };
		CAE420661BC79CEC007FABBF /* ZCSearchTool.m in Sources */ = {isa = PBXBuildFile; fileRef = CAE420651BC79CEC007FABBF /* ZCSearchTool.m */; };
		CAEE1D0B1BCBE40F0069E727 /* ZCOAuthViewCOntroller.m in Sources */ = {isa = PBXBuildFile; fileRef = CAEE1D041BCBE40F0069E727 /* ZCOAuthViewCOntroller.m */; };
		CAEE1D121BCBE4500069E727 /* ZCNewFeatureController.m in Sources */ = {isa = PBXBuildFile; fileRef = CAEE1D111BCBE4500069E727 /* ZCNewFeatureController.m */; };
		CAEE1D161BCBE6550069E727 /* ZCAccount.m in Sources */ = {isa = PBXBuildFile; fileRef = CAEE1D151BCBE6550069E727 /* ZCAccount.m */; };
		CAEE1D191BCBE6750069E727 /* ZCAccountTool.m in Sources */ = {isa = PBXBuildFile; fileRef = CAEE1D181BCBE6750069E727 /* ZCAccountTool.m */; };
		CAEE1D1B1BCBF2620069E727 /* Foundation+Log.m in Sources */ = {isa = PBXBuildFile; fileRef = CAEE1D1A1BCBF2620069E727 /* Foundation+Log.m */; };
/* End PBXBuildFile section */

/* Begin PBXContainerItemProxy section */
		CAC5D14F1BC53F85005399BB /* PBXContainerItemProxy */ = {
			isa = PBXContainerItemProxy;
			containerPortal = CAC5D12D1BC53F85005399BB /* Project object */;
			proxyType = 1;
			remoteGlobalIDString = CAC5D1341BC53F85005399BB;
			remoteInfo = "18-新浪微博独立01";
		};
/* End PBXContainerItemProxy section */

/* Begin PBXFileReference section */
		CA476C391BC93F3C005E6283 /* MBProgressHUD+NJ.h */ = {isa = PBXFileReference; fileEncoding = 4; lastKnownFileType = sourcecode.c.h; path = "MBProgressHUD+NJ.h"; sourceTree = "<group>"; };
		CA476C3A1BC93F3C005E6283 /* MBProgressHUD+NJ.m */ = {isa = PBXFileReference; fileEncoding = 4; lastKnownFileType = sourcecode.c.objc; path = "MBProgressHUD+NJ.m"; sourceTree = "<group>"; };
		CA476C3B1BC93F3C005E6283 /* MBProgressHUD.bundle */ = {isa = PBXFileReference; lastKnownFileType = "wrapper.plug-in"; path = MBProgressHUD.bundle; sourceTree = "<group>"; };
		CA476C3C1BC93F3C005E6283 /* MBProgressHUD.h */ = {isa = PBXFileReference; fileEncoding = 4; lastKnownFileType = sourcecode.c.h; path = MBProgressHUD.h; sourceTree = "<group>"; };
		CA476C3D1BC93F3C005E6283 /* MBProgressHUD.m */ = {isa = PBXFileReference; fileEncoding = 4; lastKnownFileType = sourcecode.c.objc; path = MBProgressHUD.m; sourceTree = "<group>"; };
		CA4F25861BDB4DFC00F2469D /* ZCHomeCellToolBar.h */ = {isa = PBXFileReference; fileEncoding = 4; lastKnownFileType = sourcecode.c.h; path = ZCHomeCellToolBar.h; sourceTree = "<group>"; };
		CA4F25871BDB4DFC00F2469D /* ZCHomeCellToolBar.m */ = {isa = PBXFileReference; fileEncoding = 4; lastKnownFileType = sourcecode.c.objc; path = ZCHomeCellToolBar.m; sourceTree = "<group>"; };
		CA4F25891BDB4F1100F2469D /* ZCStatusCell.h */ = {isa = PBXFileReference; fileEncoding = 4; lastKnownFileType = sourcecode.c.h; path = ZCStatusCell.h; sourceTree = "<group>"; };
		CA4F258A1BDB4F1100F2469D /* ZCStatusCell.m */ = {isa = PBXFileReference; fileEncoding = 4; lastKnownFileType = sourcecode.c.objc; path = ZCStatusCell.m; sourceTree = "<group>"; };
		CAC5D1351BC53F85005399BB /* 18-新浪微博独立01.app */ = {isa = PBXFileReference; explicitFileType = wrapper.application; includeInIndex = 0; path = "18-新浪微博独立01.app"; sourceTree = BUILT_PRODUCTS_DIR; };
		CAC5D1391BC53F85005399BB /* Info.plist */ = {isa = PBXFileReference; lastKnownFileType = text.plist.xml; path = Info.plist; sourceTree = "<group>"; };
		CAC5D1451BC53F85005399BB /* Images.xcassets */ = {isa = PBXFileReference; lastKnownFileType = folder.assetcatalog; path = Images.xcassets; sourceTree = "<group>"; };
		CAC5D14E1BC53F85005399BB /* 18-新浪微博独立01Tests.xctest */ = {isa = PBXFileReference; explicitFileType = wrapper.cfbundle; includeInIndex = 0; path = "18-新浪微博独立01Tests.xctest"; sourceTree = BUILT_PRODUCTS_DIR; };
		CAC5D1531BC53F85005399BB /* Info.plist */ = {isa = PBXFileReference; lastKnownFileType = text.plist.xml; path = Info.plist; sourceTree = "<group>"; };
		CAC5D1541BC53F85005399BB /* _8_______01Tests.m */ = {isa = PBXFileReference; lastKnownFileType = sourcecode.c.objc; path = "_8_______01Tests.m"; sourceTree = "<group>"; };
		CAC5D15E1BC5404C005399BB /* 新浪微博独立-prefix.pch */ = {isa = PBXFileReference; lastKnownFileType = sourcecode.c.h; path = "新浪微博独立-prefix.pch"; sourceTree = "<group>"; };
		CAC5D1831BC64041005399BB /* ZCDiscoverViewController.h */ = {isa = PBXFileReference; fileEncoding = 4; lastKnownFileType = sourcecode.c.h; path = ZCDiscoverViewController.h; sourceTree = "<group>"; };
		CAC5D1841BC64041005399BB /* ZCDiscoverViewController.m */ = {isa = PBXFileReference; fileEncoding = 4; lastKnownFileType = sourcecode.c.objc; path = ZCDiscoverViewController.m; sourceTree = "<group>"; };
		CAC5D1891BC64041005399BB /* ZCHomeViewController.h */ = {isa = PBXFileReference; fileEncoding = 4; lastKnownFileType = sourcecode.c.h; path = ZCHomeViewController.h; sourceTree = "<group>"; };
		CAC5D18A1BC64041005399BB /* ZCHomeViewController.m */ = {isa = PBXFileReference; fileEncoding = 4; lastKnownFileType = sourcecode.c.objc; path = ZCHomeViewController.m; sourceTree = "<group>"; };
		CAC5D18F1BC64041005399BB /* ZCNavigationController.h */ = {isa = PBXFileReference; fileEncoding = 4; lastKnownFileType = sourcecode.c.h; path = ZCNavigationController.h; sourceTree = "<group>"; };
		CAC5D1901BC64041005399BB /* ZCNavigationController.m */ = {isa = PBXFileReference; fileEncoding = 4; lastKnownFileType = sourcecode.c.objc; path = ZCNavigationController.m; sourceTree = "<group>"; };
		CAC5D1911BC64041005399BB /* ZCTabBarViewController.h */ = {isa = PBXFileReference; fileEncoding = 4; lastKnownFileType = sourcecode.c.h; path = ZCTabBarViewController.h; sourceTree = "<group>"; };
		CAC5D1921BC64041005399BB /* ZCTabBarViewController.m */ = {isa = PBXFileReference; fileEncoding = 4; lastKnownFileType = sourcecode.c.objc; path = ZCTabBarViewController.m; sourceTree = "<group>"; };
		CAC5D1941BC64041005399BB /* UIView+Extesion.h */ = {isa = PBXFileReference; fileEncoding = 4; lastKnownFileType = sourcecode.c.h; path = "UIView+Extesion.h"; sourceTree = "<group>"; };
		CAC5D1951BC64041005399BB /* UIView+Extesion.m */ = {isa = PBXFileReference; fileEncoding = 4; lastKnownFileType = sourcecode.c.objc; path = "UIView+Extesion.m"; sourceTree = "<group>"; };
		CAC5D1981BC64041005399BB /* main.m */ = {isa = PBXFileReference; fileEncoding = 4; lastKnownFileType = sourcecode.c.objc; path = main.m; sourceTree = "<group>"; };
		CAC5D1991BC64041005399BB /* ZCAppDelegate.h */ = {isa = PBXFileReference; fileEncoding = 4; lastKnownFileType = sourcecode.c.h; path = ZCAppDelegate.h; sourceTree = "<group>"; };
		CAC5D19A1BC64041005399BB /* ZCAppDelegate.m */ = {isa = PBXFileReference; fileEncoding = 4; lastKnownFileType = sourcecode.c.objc; path = ZCAppDelegate.m; sourceTree = "<group>"; };
		CAC5D19E1BC64041005399BB /* ZCMessageViewController.h */ = {isa = PBXFileReference; fileEncoding = 4; lastKnownFileType = sourcecode.c.h; path = ZCMessageViewController.h; sourceTree = "<group>"; };
		CAC5D19F1BC64041005399BB /* ZCMessageViewController.m */ = {isa = PBXFileReference; fileEncoding = 4; lastKnownFileType = sourcecode.c.objc; path = ZCMessageViewController.m; sourceTree = "<group>"; };
		CAC5D1A41BC64041005399BB /* ZCProfileTableViewController.h */ = {isa = PBXFileReference; fileEncoding = 4; lastKnownFileType = sourcecode.c.h; path = ZCProfileTableViewController.h; sourceTree = "<group>"; };
		CAC5D1A51BC64041005399BB /* ZCProfileTableViewController.m */ = {isa = PBXFileReference; fileEncoding = 4; lastKnownFileType = sourcecode.c.objc; path = ZCProfileTableViewController.m; sourceTree = "<group>"; };
		CAC5D1A91BC64041005399BB /* ZCTest-1ViewController.h */ = {isa = PBXFileReference; fileEncoding = 4; lastKnownFileType = sourcecode.c.h; path = "ZCTest-1ViewController.h"; sourceTree = "<group>"; };
		CAC5D1AA1BC64041005399BB /* ZCTest-1ViewController.m */ = {isa = PBXFileReference; fileEncoding = 4; lastKnownFileType = sourcecode.c.objc; path = "ZCTest-1ViewController.m"; sourceTree = "<group>"; };
		CAC5D1AB1BC64041005399BB /* ZCTest-2ViewController.h */ = {isa = PBXFileReference; fileEncoding = 4; lastKnownFileType = sourcecode.c.h; path = "ZCTest-2ViewController.h"; sourceTree = "<group>"; };
		CAC5D1AC1BC64041005399BB /* ZCTest-2ViewController.m */ = {isa = PBXFileReference; fileEncoding = 4; lastKnownFileType = sourcecode.c.objc; path = "ZCTest-2ViewController.m"; sourceTree = "<group>"; };
		CAC5D1B81BC643CB005399BB /* UIButton+Extension.h */ = {isa = PBXFileReference; fileEncoding = 4; lastKnownFileType = sourcecode.c.h; path = "UIButton+Extension.h"; sourceTree = "<group>"; };
		CAC5D1B91BC643CB005399BB /* UIButton+Extension.m */ = {isa = PBXFileReference; fileEncoding = 4; lastKnownFileType = sourcecode.c.objc; path = "UIButton+Extension.m"; sourceTree = "<group>"; };
		CAC93C791BD90BFD00844E2B /* ZCPhotos.h */ = {isa = PBXFileReference; fileEncoding = 4; lastKnownFileType = sourcecode.c.h; path = ZCPhotos.h; sourceTree = "<group>"; };
		CAC93C7A1BD90BFD00844E2B /* ZCPhotos.m */ = {isa = PBXFileReference; fileEncoding = 4; lastKnownFileType = sourcecode.c.objc; path = ZCPhotos.m; sourceTree = "<group>"; };
		CADE0E381BCE94670006FAF4 /* MKAnnotationView+WebCache.h */ = {isa = PBXFileReference; fileEncoding = 4; lastKnownFileType = sourcecode.c.h; path = "MKAnnotationView+WebCache.h"; sourceTree = "<group>"; };
		CADE0E391BCE94670006FAF4 /* MKAnnotationView+WebCache.m */ = {isa = PBXFileReference; fileEncoding = 4; lastKnownFileType = sourcecode.c.objc; path = "MKAnnotationView+WebCache.m"; sourceTree = "<group>"; };
		CADE0E3A1BCE94670006FAF4 /* NSData+ImageContentType.h */ = {isa = PBXFileReference; fileEncoding = 4; lastKnownFileType = sourcecode.c.h; path = "NSData+ImageContentType.h"; sourceTree = "<group>"; };
		CADE0E3B1BCE94670006FAF4 /* NSData+ImageContentType.m */ = {isa = PBXFileReference; fileEncoding = 4; lastKnownFileType = sourcecode.c.objc; path = "NSData+ImageContentType.m"; sourceTree = "<group>"; };
		CADE0E3C1BCE94670006FAF4 /* SDImageCache.h */ = {isa = PBXFileReference; fileEncoding = 4; lastKnownFileType = sourcecode.c.h; path = SDImageCache.h; sourceTree = "<group>"; };
		CADE0E3D1BCE94670006FAF4 /* SDImageCache.m */ = {isa = PBXFileReference; fileEncoding = 4; lastKnownFileType = sourcecode.c.objc; path = SDImageCache.m; sourceTree = "<group>"; };
		CADE0E3E1BCE94670006FAF4 /* SDWebImageCompat.h */ = {isa = PBXFileReference; fileEncoding = 4; lastKnownFileType = sourcecode.c.h; path = SDWebImageCompat.h; sourceTree = "<group>"; };
		CADE0E3F1BCE94670006FAF4 /* SDWebImageCompat.m */ = {isa = PBXFileReference; fileEncoding = 4; lastKnownFileType = sourcecode.c.objc; path = SDWebImageCompat.m; sourceTree = "<group>"; };
		CADE0E401BCE94670006FAF4 /* SDWebImageDecoder.h */ = {isa = PBXFileReference; fileEncoding = 4; lastKnownFileType = sourcecode.c.h; path = SDWebImageDecoder.h; sourceTree = "<group>"; };
		CADE0E411BCE94670006FAF4 /* SDWebImageDecoder.m */ = {isa = PBXFileReference; fileEncoding = 4; lastKnownFileType = sourcecode.c.objc; path = SDWebImageDecoder.m; sourceTree = "<group>"; };
		CADE0E421BCE94670006FAF4 /* SDWebImageDownloader.h */ = {isa = PBXFileReference; fileEncoding = 4; lastKnownFileType = sourcecode.c.h; path = SDWebImageDownloader.h; sourceTree = "<group>"; };
		CADE0E431BCE94670006FAF4 /* SDWebImageDownloader.m */ = {isa = PBXFileReference; fileEncoding = 4; lastKnownFileType = sourcecode.c.objc; path = SDWebImageDownloader.m; sourceTree = "<group>"; };
		CADE0E441BCE94670006FAF4 /* SDWebImageDownloaderOperation.h */ = {isa = PBXFileReference; fileEncoding = 4; lastKnownFileType = sourcecode.c.h; path = SDWebImageDownloaderOperation.h; sourceTree = "<group>"; };
		CADE0E451BCE94670006FAF4 /* SDWebImageDownloaderOperation.m */ = {isa = PBXFileReference; fileEncoding = 4; lastKnownFileType = sourcecode.c.objc; path = SDWebImageDownloaderOperation.m; sourceTree = "<group>"; };
		CADE0E461BCE94670006FAF4 /* SDWebImageManager.h */ = {isa = PBXFileReference; fileEncoding = 4; lastKnownFileType = sourcecode.c.h; path = SDWebImageManager.h; sourceTree = "<group>"; };
		CADE0E471BCE94670006FAF4 /* SDWebImageManager.m */ = {isa = PBXFileReference; fileEncoding = 4; lastKnownFileType = sourcecode.c.objc; path = SDWebImageManager.m; sourceTree = "<group>"; };
		CADE0E481BCE94670006FAF4 /* SDWebImageOperation.h */ = {isa = PBXFileReference; fileEncoding = 4; lastKnownFileType = sourcecode.c.h; path = SDWebImageOperation.h; sourceTree = "<group>"; };
		CADE0E491BCE94670006FAF4 /* SDWebImagePrefetcher.h */ = {isa = PBXFileReference; fileEncoding = 4; lastKnownFileType = sourcecode.c.h; path = SDWebImagePrefetcher.h; sourceTree = "<group>"; };
		CADE0E4A1BCE94670006FAF4 /* SDWebImagePrefetcher.m */ = {isa = PBXFileReference; fileEncoding = 4; lastKnownFileType = sourcecode.c.objc; path = SDWebImagePrefetcher.m; sourceTree = "<group>"; };
		CADE0E4B1BCE94670006FAF4 /* UIButton+WebCache.h */ = {isa = PBXFileReference; fileEncoding = 4; lastKnownFileType = sourcecode.c.h; path = "UIButton+WebCache.h"; sourceTree = "<group>"; };
		CADE0E4C1BCE94670006FAF4 /* UIButton+WebCache.m */ = {isa = PBXFileReference; fileEncoding = 4; lastKnownFileType = sourcecode.c.objc; path = "UIButton+WebCache.m"; sourceTree = "<group>"; };
		CADE0E4D1BCE94670006FAF4 /* UIImage+GIF.h */ = {isa = PBXFileReference; fileEncoding = 4; lastKnownFileType = sourcecode.c.h; path = "UIImage+GIF.h"; sourceTree = "<group>"; };
		CADE0E4E1BCE94670006FAF4 /* UIImage+GIF.m */ = {isa = PBXFileReference; fileEncoding = 4; lastKnownFileType = sourcecode.c.objc; path = "UIImage+GIF.m"; sourceTree = "<group>"; };
		CADE0E4F1BCE94670006FAF4 /* UIImage+MultiFormat.h */ = {isa = PBXFileReference; fileEncoding = 4; lastKnownFileType = sourcecode.c.h; path = "UIImage+MultiFormat.h"; sourceTree = "<group>"; };
		CADE0E501BCE94670006FAF4 /* UIImage+MultiFormat.m */ = {isa = PBXFileReference; fileEncoding = 4; lastKnownFileType = sourcecode.c.objc; path = "UIImage+MultiFormat.m"; sourceTree = "<group>"; };
		CADE0E511BCE94670006FAF4 /* UIImage+WebP.h */ = {isa = PBXFileReference; fileEncoding = 4; lastKnownFileType = sourcecode.c.h; path = "UIImage+WebP.h"; sourceTree = "<group>"; };
		CADE0E521BCE94670006FAF4 /* UIImage+WebP.m */ = {isa = PBXFileReference; fileEncoding = 4; lastKnownFileType = sourcecode.c.objc; path = "UIImage+WebP.m"; sourceTree = "<group>"; };
		CADE0E531BCE94670006FAF4 /* UIImageView+HighlightedWebCache.h */ = {isa = PBXFileReference; fileEncoding = 4; lastKnownFileType = sourcecode.c.h; path = "UIImageView+HighlightedWebCache.h"; sourceTree = "<group>"; };
		CADE0E541BCE94670006FAF4 /* UIImageView+HighlightedWebCache.m */ = {isa = PBXFileReference; fileEncoding = 4; lastKnownFileType = sourcecode.c.objc; path = "UIImageView+HighlightedWebCache.m"; sourceTree = "<group>"; };
		CADE0E551BCE94670006FAF4 /* UIImageView+WebCache.h */ = {isa = PBXFileReference; fileEncoding = 4; lastKnownFileType = sourcecode.c.h; path = "UIImageView+WebCache.h"; sourceTree = "<group>"; };
		CADE0E561BCE94670006FAF4 /* UIImageView+WebCache.m */ = {isa = PBXFileReference; fileEncoding = 4; lastKnownFileType = sourcecode.c.objc; path = "UIImageView+WebCache.m"; sourceTree = "<group>"; };
		CADE0E571BCE94670006FAF4 /* UIView+WebCacheOperation.h */ = {isa = PBXFileReference; fileEncoding = 4; lastKnownFileType = sourcecode.c.h; path = "UIView+WebCacheOperation.h"; sourceTree = "<group>"; };
		CADE0E581BCE94670006FAF4 /* UIView+WebCacheOperation.m */ = {isa = PBXFileReference; fileEncoding = 4; lastKnownFileType = sourcecode.c.objc; path = "UIView+WebCacheOperation.m"; sourceTree = "<group>"; };
		CADE0E6A1BCE9A650006FAF4 /* MJArgument.h */ = {isa = PBXFileReference; fileEncoding = 4; lastKnownFileType = sourcecode.c.h; path = MJArgument.h; sourceTree = "<group>"; };
		CADE0E6B1BCE9A650006FAF4 /* MJArgument.m */ = {isa = PBXFileReference; fileEncoding = 4; lastKnownFileType = sourcecode.c.objc; path = MJArgument.m; sourceTree = "<group>"; };
		CADE0E6C1BCE9A650006FAF4 /* MJConst.h */ = {isa = PBXFileReference; fileEncoding = 4; lastKnownFileType = sourcecode.c.h; path = MJConst.h; sourceTree = "<group>"; };
		CADE0E6D1BCE9A650006FAF4 /* MJConst.m */ = {isa = PBXFileReference; fileEncoding = 4; lastKnownFileType = sourcecode.c.objc; path = MJConst.m; sourceTree = "<group>"; };
		CADE0E6E1BCE9A650006FAF4 /* MJExtension.h */ = {isa = PBXFileReference; fileEncoding = 4; lastKnownFileType = sourcecode.c.h; path = MJExtension.h; sourceTree = "<group>"; };
		CADE0E6F1BCE9A650006FAF4 /* MJFoundation.h */ = {isa = PBXFileReference; fileEncoding = 4; lastKnownFileType = sourcecode.c.h; path = MJFoundation.h; sourceTree = "<group>"; };
		CADE0E701BCE9A650006FAF4 /* MJFoundation.m */ = {isa = PBXFileReference; fileEncoding = 4; lastKnownFileType = sourcecode.c.objc; path = MJFoundation.m; sourceTree = "<group>"; };
		CADE0E711BCE9A650006FAF4 /* MJIvar.h */ = {isa = PBXFileReference; fileEncoding = 4; lastKnownFileType = sourcecode.c.h; path = MJIvar.h; sourceTree = "<group>"; };
		CADE0E721BCE9A650006FAF4 /* MJIvar.m */ = {isa = PBXFileReference; fileEncoding = 4; lastKnownFileType = sourcecode.c.objc; path = MJIvar.m; sourceTree = "<group>"; };
		CADE0E731BCE9A650006FAF4 /* MJMember.h */ = {isa = PBXFileReference; fileEncoding = 4; lastKnownFileType = sourcecode.c.h; path = MJMember.h; sourceTree = "<group>"; };
		CADE0E741BCE9A650006FAF4 /* MJMember.m */ = {isa = PBXFileReference; fileEncoding = 4; lastKnownFileType = sourcecode.c.objc; path = MJMember.m; sourceTree = "<group>"; };
		CADE0E751BCE9A650006FAF4 /* MJMethod.h */ = {isa = PBXFileReference; fileEncoding = 4; lastKnownFileType = sourcecode.c.h; path = MJMethod.h; sourceTree = "<group>"; };
		CADE0E761BCE9A650006FAF4 /* MJMethod.m */ = {isa = PBXFileReference; fileEncoding = 4; lastKnownFileType = sourcecode.c.objc; path = MJMethod.m; sourceTree = "<group>"; };
		CADE0E771BCE9A650006FAF4 /* MJType.h */ = {isa = PBXFileReference; fileEncoding = 4; lastKnownFileType = sourcecode.c.h; path = MJType.h; sourceTree = "<group>"; };
		CADE0E781BCE9A650006FAF4 /* MJType.m */ = {isa = PBXFileReference; fileEncoding = 4; lastKnownFileType = sourcecode.c.objc; path = MJType.m; sourceTree = "<group>"; };
		CADE0E791BCE9A650006FAF4 /* MJTypeEncoding.h */ = {isa = PBXFileReference; fileEncoding = 4; lastKnownFileType = sourcecode.c.h; path = MJTypeEncoding.h; sourceTree = "<group>"; };
		CADE0E7A1BCE9A650006FAF4 /* MJTypeEncoding.m */ = {isa = PBXFileReference; fileEncoding = 4; lastKnownFileType = sourcecode.c.objc; path = MJTypeEncoding.m; sourceTree = "<group>"; };
		CADE0E7B1BCE9A650006FAF4 /* NSObject+MJCoding.h */ = {isa = PBXFileReference; fileEncoding = 4; lastKnownFileType = sourcecode.c.h; path = "NSObject+MJCoding.h"; sourceTree = "<group>"; };
		CADE0E7C1BCE9A650006FAF4 /* NSObject+MJCoding.m */ = {isa = PBXFileReference; fileEncoding = 4; lastKnownFileType = sourcecode.c.objc; path = "NSObject+MJCoding.m"; sourceTree = "<group>"; };
		CADE0E7D1BCE9A650006FAF4 /* NSObject+MJKeyValue.h */ = {isa = PBXFileReference; fileEncoding = 4; lastKnownFileType = sourcecode.c.h; path = "NSObject+MJKeyValue.h"; sourceTree = "<group>"; };
		CADE0E7E1BCE9A650006FAF4 /* NSObject+MJKeyValue.m */ = {isa = PBXFileReference; fileEncoding = 4; lastKnownFileType = sourcecode.c.objc; path = "NSObject+MJKeyValue.m"; sourceTree = "<group>"; };
		CADE0E7F1BCE9A650006FAF4 /* NSObject+MJMember.h */ = {isa = PBXFileReference; fileEncoding = 4; lastKnownFileType = sourcecode.c.h; path = "NSObject+MJMember.h"; sourceTree = "<group>"; };
		CADE0E801BCE9A650006FAF4 /* NSObject+MJMember.m */ = {isa = PBXFileReference; fileEncoding = 4; lastKnownFileType = sourcecode.c.objc; path = "NSObject+MJMember.m"; sourceTree = "<group>"; };
		CADE0E8C1BCE9A770006FAF4 /* ZCUser.h */ = {isa = PBXFileReference; fileEncoding = 4; lastKnownFileType = sourcecode.c.h; path = ZCUser.h; sourceTree = "<group>"; };
		CADE0E8D1BCE9A770006FAF4 /* ZCUser.m */ = {isa = PBXFileReference; fileEncoding = 4; lastKnownFileType = sourcecode.c.objc; path = ZCUser.m; sourceTree = "<group>"; };
		CADE0E8F1BCE9A850006FAF4 /* ZCStatus.h */ = {isa = PBXFileReference; fileEncoding = 4; lastKnownFileType = sourcecode.c.h; path = ZCStatus.h; sourceTree = "<group>"; };
		CADE0E901BCE9A850006FAF4 /* ZCStatus.m */ = {isa = PBXFileReference; fileEncoding = 4; lastKnownFileType = sourcecode.c.objc; path = ZCStatus.m; sourceTree = "<group>"; };
		CAE15F4E1BD33F6F003E0D13 /* ZCLoadMoreFooter.h */ = {isa = PBXFileReference; fileEncoding = 4; lastKnownFileType = sourcecode.c.h; path = ZCLoadMoreFooter.h; sourceTree = "<group>"; };
		CAE15F4F1BD33F6F003E0D13 /* ZCLoadMoreFooter.m */ = {isa = PBXFileReference; fileEncoding = 4; lastKnownFileType = sourcecode.c.objc; path = ZCLoadMoreFooter.m; sourceTree = "<group>"; };
		CAE15F531BD33FB7003E0D13 /* ZCLoadMoreFooter.xib */ = {isa = PBXFileReference; fileEncoding = 4; lastKnownFileType = file.xib; path = ZCLoadMoreFooter.xib; sourceTree = "<group>"; };
		CAE2E3801BD5E4B1002BFBF8 /* ZCStatusFrame.h */ = {isa = PBXFileReference; fileEncoding = 4; lastKnownFileType = sourcecode.c.h; path = ZCStatusFrame.h; sourceTree = "<group>"; };
		CAE2E3811BD5E4B1002BFBF8 /* ZCStatusFrame.m */ = {isa = PBXFileReference; fileEncoding = 4; lastKnownFileType = sourcecode.c.objc; path = ZCStatusFrame.m; sourceTree = "<group>"; };
		CAE3EC9C1BC7DB550068B79F /* ZCPullDownViewController.h */ = {isa = PBXFileReference; fileEncoding = 4; lastKnownFileType = sourcecode.c.h; path = ZCPullDownViewController.h; sourceTree = "<group>"; };
		CAE3EC9D1BC7DB550068B79F /* ZCPullDownViewController.m */ = {isa = PBXFileReference; fileEncoding = 4; lastKnownFileType = sourcecode.c.objc; path = ZCPullDownViewController.m; sourceTree = "<group>"; };
		CAE3EC9F1BC7DD290068B79F /* ZCPullDownView.h */ = {isa = PBXFileReference; fileEncoding = 4; lastKnownFileType = sourcecode.c.h; name = ZCPullDownView.h; path = ../Controller/ZCPullDownView.h; sourceTree = "<group>"; };
		CAE3ECA01BC7DD290068B79F /* ZCPullDownView.m */ = {isa = PBXFileReference; fileEncoding = 4; lastKnownFileType = sourcecode.c.objc; name = ZCPullDownView.m; path = ../Controller/ZCPullDownView.m; sourceTree = "<group>"; };
		CAE3EEB51BC89BAF0068B79F /* ZCTabBar.h */ = {isa = PBXFileReference; fileEncoding = 4; lastKnownFileType = sourcecode.c.h; name = ZCTabBar.h; path = "../../Home(首页)/View/ZCTabBar.h"; sourceTree = "<group>"; };
		CAE3EEB61BC89BAF0068B79F /* ZCTabBar.m */ = {isa = PBXFileReference; fileEncoding = 4; lastKnownFileType = sourcecode.c.objc; name = ZCTabBar.m; path = "../../Home(首页)/View/ZCTabBar.m"; sourceTree = "<group>"; };
		CAE3EEB81BC8AE850068B79F /* ZCButton.h */ = {isa = PBXFileReference; fileEncoding = 4; lastKnownFileType = sourcecode.c.h; path = ZCButton.h; sourceTree = "<group>"; };
		CAE3EEB91BC8AE850068B79F /* ZCButton.m */ = {isa = PBXFileReference; fileEncoding = 4; lastKnownFileType = sourcecode.c.objc; path = ZCButton.m; sourceTree = "<group>"; };
		CAE3EEBC1BC8BC850068B79F /* AFHTTPRequestOperation.h */ = {isa = PBXFileReference; fileEncoding = 4; lastKnownFileType = sourcecode.c.h; path = AFHTTPRequestOperation.h; sourceTree = "<group>"; };
		CAE3EEBD1BC8BC850068B79F /* AFHTTPRequestOperation.m */ = {isa = PBXFileReference; fileEncoding = 4; lastKnownFileType = sourcecode.c.objc; path = AFHTTPRequestOperation.m; sourceTree = "<group>"; };
		CAE3EEBE1BC8BC850068B79F /* AFHTTPRequestOperationManager.h */ = {isa = PBXFileReference; fileEncoding = 4; lastKnownFileType = sourcecode.c.h; path = AFHTTPRequestOperationManager.h; sourceTree = "<group>"; };
		CAE3EEBF1BC8BC850068B79F /* AFHTTPRequestOperationManager.m */ = {isa = PBXFileReference; fileEncoding = 4; lastKnownFileType = sourcecode.c.objc; path = AFHTTPRequestOperationManager.m; sourceTree = "<group>"; };
		CAE3EEC01BC8BC850068B79F /* AFHTTPSessionManager.h */ = {isa = PBXFileReference; fileEncoding = 4; lastKnownFileType = sourcecode.c.h; path = AFHTTPSessionManager.h; sourceTree = "<group>"; };
		CAE3EEC11BC8BC850068B79F /* AFHTTPSessionManager.m */ = {isa = PBXFileReference; fileEncoding = 4; lastKnownFileType = sourcecode.c.objc; path = AFHTTPSessionManager.m; sourceTree = "<group>"; };
		CAE3EEC21BC8BC850068B79F /* AFNetworking.h */ = {isa = PBXFileReference; fileEncoding = 4; lastKnownFileType = sourcecode.c.h; path = AFNetworking.h; sourceTree = "<group>"; };
		CAE3EEC31BC8BC850068B79F /* AFNetworkReachabilityManager.h */ = {isa = PBXFileReference; fileEncoding = 4; lastKnownFileType = sourcecode.c.h; path = AFNetworkReachabilityManager.h; sourceTree = "<group>"; };
		CAE3EEC41BC8BC850068B79F /* AFNetworkReachabilityManager.m */ = {isa = PBXFileReference; fileEncoding = 4; lastKnownFileType = sourcecode.c.objc; path = AFNetworkReachabilityManager.m; sourceTree = "<group>"; };
		CAE3EEC51BC8BC850068B79F /* AFSecurityPolicy.h */ = {isa = PBXFileReference; fileEncoding = 4; lastKnownFileType = sourcecode.c.h; path = AFSecurityPolicy.h; sourceTree = "<group>"; };
		CAE3EEC61BC8BC850068B79F /* AFSecurityPolicy.m */ = {isa = PBXFileReference; fileEncoding = 4; lastKnownFileType = sourcecode.c.objc; path = AFSecurityPolicy.m; sourceTree = "<group>"; };
		CAE3EEC71BC8BC850068B79F /* AFURLConnectionOperation.h */ = {isa = PBXFileReference; fileEncoding = 4; lastKnownFileType = sourcecode.c.h; path = AFURLConnectionOperation.h; sourceTree = "<group>"; };
		CAE3EEC81BC8BC850068B79F /* AFURLConnectionOperation.m */ = {isa = PBXFileReference; fileEncoding = 4; lastKnownFileType = sourcecode.c.objc; path = AFURLConnectionOperation.m; sourceTree = "<group>"; };
		CAE3EEC91BC8BC850068B79F /* AFURLRequestSerialization.h */ = {isa = PBXFileReference; fileEncoding = 4; lastKnownFileType = sourcecode.c.h; path = AFURLRequestSerialization.h; sourceTree = "<group>"; };
		CAE3EECA1BC8BC850068B79F /* AFURLRequestSerialization.m */ = {isa = PBXFileReference; fileEncoding = 4; lastKnownFileType = sourcecode.c.objc; path = AFURLRequestSerialization.m; sourceTree = "<group>"; };
		CAE3EECB1BC8BC850068B79F /* AFURLResponseSerialization.h */ = {isa = PBXFileReference; fileEncoding = 4; lastKnownFileType = sourcecode.c.h; path = AFURLResponseSerialization.h; sourceTree = "<group>"; };
		CAE3EECC1BC8BC850068B79F /* AFURLResponseSerialization.m */ = {isa = PBXFileReference; fileEncoding = 4; lastKnownFileType = sourcecode.c.objc; path = AFURLResponseSerialization.m; sourceTree = "<group>"; };
		CAE3EECD1BC8BC850068B79F /* AFURLSessionManager.h */ = {isa = PBXFileReference; fileEncoding = 4; lastKnownFileType = sourcecode.c.h; path = AFURLSessionManager.h; sourceTree = "<group>"; };
		CAE3EECE1BC8BC850068B79F /* AFURLSessionManager.m */ = {isa = PBXFileReference; fileEncoding = 4; lastKnownFileType = sourcecode.c.objc; path = AFURLSessionManager.m; sourceTree = "<group>"; };
		CAE3EED91BC8BC990068B79F /* Info.plist */ = {isa = PBXFileReference; fileEncoding = 4; lastKnownFileType = text.plist.xml; path = Info.plist; sourceTree = "<group>"; };
		CAE3EEDA1BC8BC990068B79F /* MASCompositeConstraint.h */ = {isa = PBXFileReference; fileEncoding = 4; lastKnownFileType = sourcecode.c.h; path = MASCompositeConstraint.h; sourceTree = "<group>"; };
		CAE3EEDB1BC8BC990068B79F /* MASCompositeConstraint.m */ = {isa = PBXFileReference; fileEncoding = 4; lastKnownFileType = sourcecode.c.objc; path = MASCompositeConstraint.m; sourceTree = "<group>"; };
		CAE3EEDC1BC8BC990068B79F /* MASConstraint+Private.h */ = {isa = PBXFileReference; fileEncoding = 4; lastKnownFileType = sourcecode.c.h; path = "MASConstraint+Private.h"; sourceTree = "<group>"; };
		CAE3EEDD1BC8BC990068B79F /* MASConstraint.h */ = {isa = PBXFileReference; fileEncoding = 4; lastKnownFileType = sourcecode.c.h; path = MASConstraint.h; sourceTree = "<group>"; };
		CAE3EEDE1BC8BC990068B79F /* MASConstraint.m */ = {isa = PBXFileReference; fileEncoding = 4; lastKnownFileType = sourcecode.c.objc; path = MASConstraint.m; sourceTree = "<group>"; };
		CAE3EEDF1BC8BC990068B79F /* MASConstraintMaker.h */ = {isa = PBXFileReference; fileEncoding = 4; lastKnownFileType = sourcecode.c.h; path = MASConstraintMaker.h; sourceTree = "<group>"; };
		CAE3EEE01BC8BC990068B79F /* MASConstraintMaker.m */ = {isa = PBXFileReference; fileEncoding = 4; lastKnownFileType = sourcecode.c.objc; path = MASConstraintMaker.m; sourceTree = "<group>"; };
		CAE3EEE11BC8BC990068B79F /* MASLayoutConstraint.h */ = {isa = PBXFileReference; fileEncoding = 4; lastKnownFileType = sourcecode.c.h; path = MASLayoutConstraint.h; sourceTree = "<group>"; };
		CAE3EEE21BC8BC990068B79F /* MASLayoutConstraint.m */ = {isa = PBXFileReference; fileEncoding = 4; lastKnownFileType = sourcecode.c.objc; path = MASLayoutConstraint.m; sourceTree = "<group>"; };
		CAE3EEE31BC8BC990068B79F /* Masonry.h */ = {isa = PBXFileReference; fileEncoding = 4; lastKnownFileType = sourcecode.c.h; path = Masonry.h; sourceTree = "<group>"; };
		CAE3EEE41BC8BC990068B79F /* MASUtilities.h */ = {isa = PBXFileReference; fileEncoding = 4; lastKnownFileType = sourcecode.c.h; path = MASUtilities.h; sourceTree = "<group>"; };
		CAE3EEE51BC8BC990068B79F /* MASViewAttribute.h */ = {isa = PBXFileReference; fileEncoding = 4; lastKnownFileType = sourcecode.c.h; path = MASViewAttribute.h; sourceTree = "<group>"; };
		CAE3EEE61BC8BC990068B79F /* MASViewAttribute.m */ = {isa = PBXFileReference; fileEncoding = 4; lastKnownFileType = sourcecode.c.objc; path = MASViewAttribute.m; sourceTree = "<group>"; };
		CAE3EEE71BC8BC990068B79F /* MASViewConstraint.h */ = {isa = PBXFileReference; fileEncoding = 4; lastKnownFileType = sourcecode.c.h; path = MASViewConstraint.h; sourceTree = "<group>"; };
		CAE3EEE81BC8BC990068B79F /* MASViewConstraint.m */ = {isa = PBXFileReference; fileEncoding = 4; lastKnownFileType = sourcecode.c.objc; path = MASViewConstraint.m; sourceTree = "<group>"; };
		CAE3EEE91BC8BC990068B79F /* NSArray+MASAdditions.h */ = {isa = PBXFileReference; fileEncoding = 4; lastKnownFileType = sourcecode.c.h; path = "NSArray+MASAdditions.h"; sourceTree = "<group>"; };
		CAE3EEEA1BC8BC990068B79F /* NSArray+MASAdditions.m */ = {isa = PBXFileReference; fileEncoding = 4; lastKnownFileType = sourcecode.c.objc; path = "NSArray+MASAdditions.m"; sourceTree = "<group>"; };
		CAE3EEEB1BC8BC990068B79F /* NSArray+MASShorthandAdditions.h */ = {isa = PBXFileReference; fileEncoding = 4; lastKnownFileType = sourcecode.c.h; path = "NSArray+MASShorthandAdditions.h"; sourceTree = "<group>"; };
		CAE3EEEC1BC8BC990068B79F /* NSLayoutConstraint+MASDebugAdditions.h */ = {isa = PBXFileReference; fileEncoding = 4; lastKnownFileType = sourcecode.c.h; path = "NSLayoutConstraint+MASDebugAdditions.h"; sourceTree = "<group>"; };
		CAE3EEED1BC8BC990068B79F /* NSLayoutConstraint+MASDebugAdditions.m */ = {isa = PBXFileReference; fileEncoding = 4; lastKnownFileType = sourcecode.c.objc; path = "NSLayoutConstraint+MASDebugAdditions.m"; sourceTree = "<group>"; };
		CAE3EEEE1BC8BC990068B79F /* View+MASAdditions.h */ = {isa = PBXFileReference; fileEncoding = 4; lastKnownFileType = sourcecode.c.h; path = "View+MASAdditions.h"; sourceTree = "<group>"; };
		CAE3EEEF1BC8BC990068B79F /* View+MASAdditions.m */ = {isa = PBXFileReference; fileEncoding = 4; lastKnownFileType = sourcecode.c.objc; path = "View+MASAdditions.m"; sourceTree = "<group>"; };
		CAE3EEF01BC8BC990068B79F /* View+MASShorthandAdditions.h */ = {isa = PBXFileReference; fileEncoding = 4; lastKnownFileType = sourcecode.c.h; path = "View+MASShorthandAdditions.h"; sourceTree = "<group>"; };
		CAE3EEF11BC8BC990068B79F /* ViewController+MASAdditions.h */ = {isa = PBXFileReference; fileEncoding = 4; lastKnownFileType = sourcecode.c.h; path = "ViewController+MASAdditions.h"; sourceTree = "<group>"; };
		CAE3EEF21BC8BC990068B79F /* ViewController+MASAdditions.m */ = {isa = PBXFileReference; fileEncoding = 4; lastKnownFileType = sourcecode.c.objc; path = "ViewController+MASAdditions.m"; sourceTree = "<group>"; };
		CAE420641BC79CEC007FABBF /* ZCSearchTool.h */ = {isa = PBXFileReference; fileEncoding = 4; lastKnownFileType = sourcecode.c.h; path = ZCSearchTool.h; sourceTree = "<group>"; };
		CAE420651BC79CEC007FABBF /* ZCSearchTool.m */ = {isa = PBXFileReference; fileEncoding = 4; lastKnownFileType = sourcecode.c.objc; path = ZCSearchTool.m; sourceTree = "<group>"; };
		CAEE1D031BCBE40F0069E727 /* ZCOAuthViewCOntroller.h */ = {isa = PBXFileReference; fileEncoding = 4; lastKnownFileType = sourcecode.c.h; path = ZCOAuthViewCOntroller.h; sourceTree = "<group>"; };
		CAEE1D041BCBE40F0069E727 /* ZCOAuthViewCOntroller.m */ = {isa = PBXFileReference; fileEncoding = 4; lastKnownFileType = sourcecode.c.objc; path = ZCOAuthViewCOntroller.m; sourceTree = "<group>"; };
		CAEE1D101BCBE4500069E727 /* ZCNewFeatureController.h */ = {isa = PBXFileReference; fileEncoding = 4; lastKnownFileType = sourcecode.c.h; path = ZCNewFeatureController.h; sourceTree = "<group>"; };
		CAEE1D111BCBE4500069E727 /* ZCNewFeatureController.m */ = {isa = PBXFileReference; fileEncoding = 4; lastKnownFileType = sourcecode.c.objc; path = ZCNewFeatureController.m; sourceTree = "<group>"; };
		CAEE1D141BCBE6550069E727 /* ZCAccount.h */ = {isa = PBXFileReference; fileEncoding = 4; lastKnownFileType = sourcecode.c.h; path = ZCAccount.h; sourceTree = "<group>"; };
		CAEE1D151BCBE6550069E727 /* ZCAccount.m */ = {isa = PBXFileReference; fileEncoding = 4; lastKnownFileType = sourcecode.c.objc; path = ZCAccount.m; sourceTree = "<group>"; };
		CAEE1D171BCBE6750069E727 /* ZCAccountTool.h */ = {isa = PBXFileReference; fileEncoding = 4; lastKnownFileType = sourcecode.c.h; path = ZCAccountTool.h; sourceTree = "<group>"; };
		CAEE1D181BCBE6750069E727 /* ZCAccountTool.m */ = {isa = PBXFileReference; fileEncoding = 4; lastKnownFileType = sourcecode.c.objc; path = ZCAccountTool.m; sourceTree = "<group>"; };
		CAEE1D1A1BCBF2620069E727 /* Foundation+Log.m */ = {isa = PBXFileReference; fileEncoding = 4; lastKnownFileType = sourcecode.c.objc; path = "Foundation+Log.m"; sourceTree = "<group>"; };
/* End PBXFileReference section */

/* Begin PBXFrameworksBuildPhase section */
		CAC5D1321BC53F85005399BB /* Frameworks */ = {
			isa = PBXFrameworksBuildPhase;
			buildActionMask = 2147483647;
			files = (
			);
			runOnlyForDeploymentPostprocessing = 0;
		};
		CAC5D14B1BC53F85005399BB /* Frameworks */ = {
			isa = PBXFrameworksBuildPhase;
			buildActionMask = 2147483647;
			files = (
			);
			runOnlyForDeploymentPostprocessing = 0;
		};
/* End PBXFrameworksBuildPhase section */

/* Begin PBXGroup section */
		CA476C381BC93F3C005E6283 /* MBProgressHUD蒙版和提醒 */ = {
			isa = PBXGroup;
			children = (
				CA476C391BC93F3C005E6283 /* MBProgressHUD+NJ.h */,
				CA476C3A1BC93F3C005E6283 /* MBProgressHUD+NJ.m */,
				CA476C3B1BC93F3C005E6283 /* MBProgressHUD.bundle */,
				CA476C3C1BC93F3C005E6283 /* MBProgressHUD.h */,
				CA476C3D1BC93F3C005E6283 /* MBProgressHUD.m */,
			);
			path = "MBProgressHUD蒙版和提醒";
			sourceTree = "<group>";
		};
		CAC5D12C1BC53F85005399BB = {
			isa = PBXGroup;
			children = (
				CAC5D1371BC53F85005399BB /* 18-新浪微博独立01 */,
				CAC5D1511BC53F85005399BB /* 18-新浪微博独立01Tests */,
				CAC5D1361BC53F85005399BB /* Products */,
			);
			sourceTree = "<group>";
		};
		CAC5D1361BC53F85005399BB /* Products */ = {
			isa = PBXGroup;
			children = (
				CAC5D1351BC53F85005399BB /* 18-新浪微博独立01.app */,
				CAC5D14E1BC53F85005399BB /* 18-新浪微博独立01Tests.xctest */,
			);
			name = Products;
			sourceTree = "<group>";
		};
		CAC5D1371BC53F85005399BB /* 18-新浪微博独立01 */ = {
			isa = PBXGroup;
			children = (
				CAC5D1801BC64041005399BB /* Classes */,
				CAC5D1381BC53F85005399BB /* Supporting Files */,
				CAC5D15E1BC5404C005399BB /* 新浪微博独立-prefix.pch */,
			);
			path = "18-新浪微博独立01";
			sourceTree = "<group>";
		};
		CAC5D1381BC53F85005399BB /* Supporting Files */ = {
			isa = PBXGroup;
			children = (
				CAC5D1451BC53F85005399BB /* Images.xcassets */,
				CAC5D1391BC53F85005399BB /* Info.plist */,
			);
			name = "Supporting Files";
			sourceTree = "<group>";
		};
		CAC5D1511BC53F85005399BB /* 18-新浪微博独立01Tests */ = {
			isa = PBXGroup;
			children = (
				CAC5D1541BC53F85005399BB /* _8_______01Tests.m */,
				CAC5D1521BC53F85005399BB /* Supporting Files */,
			);
			path = "18-新浪微博独立01Tests";
			sourceTree = "<group>";
		};
		CAC5D1521BC53F85005399BB /* Supporting Files */ = {
			isa = PBXGroup;
			children = (
				CAC5D1531BC53F85005399BB /* Info.plist */,
			);
			name = "Supporting Files";
			sourceTree = "<group>";
		};
		CAC5D1801BC64041005399BB /* Classes */ = {
			isa = PBXGroup;
			children = (
				CAEE1D011BCBE40F0069E727 /* OAuth(授权) */,
				CAEE1D0E1BCBE4500069E727 /* Newfeature(新特性) */,
				CAC5D18D1BC64041005399BB /* Main(主要) */,
				CAC5D1871BC64041005399BB /* Home(首页) */,
				CAC5D19C1BC64041005399BB /* Message(信息) */,
				CAC5D1811BC64041005399BB /* Discover(发现) */,
				CAC5D1A21BC64041005399BB /* Profile(我的) */,
				CAC5D1A81BC64041005399BB /* Test(测试) */,
			);
			path = Classes;
			sourceTree = "<group>";
		};
		CAC5D1811BC64041005399BB /* Discover(发现) */ = {
			isa = PBXGroup;
			children = (
				CAC5D1821BC64041005399BB /* Controller */,
				CAC5D1851BC64041005399BB /* Model */,
				CAC5D1861BC64041005399BB /* View */,
			);
			path = "Discover(发现)";
			sourceTree = "<group>";
		};
		CAC5D1821BC64041005399BB /* Controller */ = {
			isa = PBXGroup;
			children = (
				CAC5D1831BC64041005399BB /* ZCDiscoverViewController.h */,
				CAC5D1841BC64041005399BB /* ZCDiscoverViewController.m */,
			);
			path = Controller;
			sourceTree = "<group>";
		};
		CAC5D1851BC64041005399BB /* Model */ = {
			isa = PBXGroup;
			children = (
			);
			path = Model;
			sourceTree = "<group>";
		};
		CAC5D1861BC64041005399BB /* View */ = {
			isa = PBXGroup;
			children = (
			);
			path = View;
			sourceTree = "<group>";
		};
		CAC5D1871BC64041005399BB /* Home(首页) */ = {
			isa = PBXGroup;
			children = (
				CAC5D1881BC64041005399BB /* Controller */,
				CAC5D18B1BC64041005399BB /* Model */,
				CAC5D18C1BC64041005399BB /* View */,
			);
			path = "Home(首页)";
			sourceTree = "<group>";
		};
		CAC5D1881BC64041005399BB /* Controller */ = {
			isa = PBXGroup;
			children = (
				CAC5D1891BC64041005399BB /* ZCHomeViewController.h */,
				CAC5D18A1BC64041005399BB /* ZCHomeViewController.m */,
			);
			path = Controller;
			sourceTree = "<group>";
		};
		CAC5D18B1BC64041005399BB /* Model */ = {
			isa = PBXGroup;
			children = (
				CADE0E8C1BCE9A770006FAF4 /* ZCUser.h */,
				CADE0E8D1BCE9A770006FAF4 /* ZCUser.m */,
				CADE0E8F1BCE9A850006FAF4 /* ZCStatus.h */,
				CADE0E901BCE9A850006FAF4 /* ZCStatus.m */,
				CAE2E3801BD5E4B1002BFBF8 /* ZCStatusFrame.h */,
				CAE2E3811BD5E4B1002BFBF8 /* ZCStatusFrame.m */,
				CAC93C791BD90BFD00844E2B /* ZCPhotos.h */,
				CAC93C7A1BD90BFD00844E2B /* ZCPhotos.m */,
			);
			path = Model;
			sourceTree = "<group>";
		};
		CAC5D18C1BC64041005399BB /* View */ = {
			isa = PBXGroup;
			children = (
				CA4F25891BDB4F1100F2469D /* ZCStatusCell.h */,
				CA4F258A1BDB4F1100F2469D /* ZCStatusCell.m */,
				CA4F25861BDB4DFC00F2469D /* ZCHomeCellToolBar.h */,
				CA4F25871BDB4DFC00F2469D /* ZCHomeCellToolBar.m */,
				CAE3EC9C1BC7DB550068B79F /* ZCPullDownViewController.h */,
				CAE3EC9D1BC7DB550068B79F /* ZCPullDownViewController.m */,
				CAE3EC9F1BC7DD290068B79F /* ZCPullDownView.h */,
				CAE3ECA01BC7DD290068B79F /* ZCPullDownView.m */,
				CAE15F4E1BD33F6F003E0D13 /* ZCLoadMoreFooter.h */,
				CAE15F4F1BD33F6F003E0D13 /* ZCLoadMoreFooter.m */,
				CAE15F531BD33FB7003E0D13 /* ZCLoadMoreFooter.xib */,
			);
			path = View;
			sourceTree = "<group>";
		};
		CAC5D18D1BC64041005399BB /* Main(主要) */ = {
			isa = PBXGroup;
			children = (
				CAE3EEB41BC7EE270068B79F /* 第三方框架 */,
				CAC5D18E1BC64041005399BB /* Controller */,
				CAC5D1931BC64041005399BB /* Gategory */,
				CAC5D1961BC64041005399BB /* Model */,
				CAC5D1971BC64041005399BB /* Other */,
				CAC5D19B1BC64041005399BB /* View */,
			);
			path = "Main(主要)";
			sourceTree = "<group>";
		};
		CAC5D18E1BC64041005399BB /* Controller */ = {
			isa = PBXGroup;
			children = (
				CAC5D18F1BC64041005399BB /* ZCNavigationController.h */,
				CAC5D1901BC64041005399BB /* ZCNavigationController.m */,
				CAC5D1911BC64041005399BB /* ZCTabBarViewController.h */,
				CAC5D1921BC64041005399BB /* ZCTabBarViewController.m */,
			);
			path = Controller;
			sourceTree = "<group>";
		};
		CAC5D1931BC64041005399BB /* Gategory */ = {
			isa = PBXGroup;
			children = (
				CAEE1D1A1BCBF2620069E727 /* Foundation+Log.m */,
				CAC5D1941BC64041005399BB /* UIView+Extesion.h */,
				CAC5D1951BC64041005399BB /* UIView+Extesion.m */,
				CAC5D1B81BC643CB005399BB /* UIButton+Extension.h */,
				CAC5D1B91BC643CB005399BB /* UIButton+Extension.m */,
			);
			path = Gategory;
			sourceTree = "<group>";
		};
		CAC5D1961BC64041005399BB /* Model */ = {
			isa = PBXGroup;
			children = (
			);
			path = Model;
			sourceTree = "<group>";
		};
		CAC5D1971BC64041005399BB /* Other */ = {
			isa = PBXGroup;
			children = (
				CAC5D1981BC64041005399BB /* main.m */,
				CAC5D1991BC64041005399BB /* ZCAppDelegate.h */,
				CAC5D19A1BC64041005399BB /* ZCAppDelegate.m */,
			);
			path = Other;
			sourceTree = "<group>";
		};
		CAC5D19B1BC64041005399BB /* View */ = {
			isa = PBXGroup;
			children = (
				CAE420641BC79CEC007FABBF /* ZCSearchTool.h */,
				CAE420651BC79CEC007FABBF /* ZCSearchTool.m */,
				CAE3EEB51BC89BAF0068B79F /* ZCTabBar.h */,
				CAE3EEB61BC89BAF0068B79F /* ZCTabBar.m */,
				CAE3EEB81BC8AE850068B79F /* ZCButton.h */,
				CAE3EEB91BC8AE850068B79F /* ZCButton.m */,
			);
			path = View;
			sourceTree = "<group>";
		};
		CAC5D19C1BC64041005399BB /* Message(信息) */ = {
			isa = PBXGroup;
			children = (
				CAC5D19D1BC64041005399BB /* Controller */,
				CAC5D1A01BC64041005399BB /* Model */,
				CAC5D1A11BC64041005399BB /* View */,
			);
			path = "Message(信息)";
			sourceTree = "<group>";
		};
		CAC5D19D1BC64041005399BB /* Controller */ = {
			isa = PBXGroup;
			children = (
				CAC5D19E1BC64041005399BB /* ZCMessageViewController.h */,
				CAC5D19F1BC64041005399BB /* ZCMessageViewController.m */,
			);
			path = Controller;
			sourceTree = "<group>";
		};
		CAC5D1A01BC64041005399BB /* Model */ = {
			isa = PBXGroup;
			children = (
			);
			path = Model;
			sourceTree = "<group>";
		};
		CAC5D1A11BC64041005399BB /* View */ = {
			isa = PBXGroup;
			children = (
			);
			path = View;
			sourceTree = "<group>";
		};
		CAC5D1A21BC64041005399BB /* Profile(我的) */ = {
			isa = PBXGroup;
			children = (
				CAC5D1A31BC64041005399BB /* Controller */,
				CAC5D1A61BC64041005399BB /* Model */,
				CAC5D1A71BC64041005399BB /* View */,
			);
			path = "Profile(我的)";
			sourceTree = "<group>";
		};
		CAC5D1A31BC64041005399BB /* Controller */ = {
			isa = PBXGroup;
			children = (
				CAC5D1A41BC64041005399BB /* ZCProfileTableViewController.h */,
				CAC5D1A51BC64041005399BB /* ZCProfileTableViewController.m */,
			);
			path = Controller;
			sourceTree = "<group>";
		};
		CAC5D1A61BC64041005399BB /* Model */ = {
			isa = PBXGroup;
			children = (
			);
			path = Model;
			sourceTree = "<group>";
		};
		CAC5D1A71BC64041005399BB /* View */ = {
			isa = PBXGroup;
			children = (
			);
			path = View;
			sourceTree = "<group>";
		};
		CAC5D1A81BC64041005399BB /* Test(测试) */ = {
			isa = PBXGroup;
			children = (
				CAC5D1A91BC64041005399BB /* ZCTest-1ViewController.h */,
				CAC5D1AA1BC64041005399BB /* ZCTest-1ViewController.m */,
				CAC5D1AB1BC64041005399BB /* ZCTest-2ViewController.h */,
				CAC5D1AC1BC64041005399BB /* ZCTest-2ViewController.m */,
			);
			path = "Test(测试)";
			sourceTree = "<group>";
		};
		CADE0E371BCE94670006FAF4 /* SDWebImage */ = {
			isa = PBXGroup;
			children = (
				CADE0E381BCE94670006FAF4 /* MKAnnotationView+WebCache.h */,
				CADE0E391BCE94670006FAF4 /* MKAnnotationView+WebCache.m */,
				CADE0E3A1BCE94670006FAF4 /* NSData+ImageContentType.h */,
				CADE0E3B1BCE94670006FAF4 /* NSData+ImageContentType.m */,
				CADE0E3C1BCE94670006FAF4 /* SDImageCache.h */,
				CADE0E3D1BCE94670006FAF4 /* SDImageCache.m */,
				CADE0E3E1BCE94670006FAF4 /* SDWebImageCompat.h */,
				CADE0E3F1BCE94670006FAF4 /* SDWebImageCompat.m */,
				CADE0E401BCE94670006FAF4 /* SDWebImageDecoder.h */,
				CADE0E411BCE94670006FAF4 /* SDWebImageDecoder.m */,
				CADE0E421BCE94670006FAF4 /* SDWebImageDownloader.h */,
				CADE0E431BCE94670006FAF4 /* SDWebImageDownloader.m */,
				CADE0E441BCE94670006FAF4 /* SDWebImageDownloaderOperation.h */,
				CADE0E451BCE94670006FAF4 /* SDWebImageDownloaderOperation.m */,
				CADE0E461BCE94670006FAF4 /* SDWebImageManager.h */,
				CADE0E471BCE94670006FAF4 /* SDWebImageManager.m */,
				CADE0E481BCE94670006FAF4 /* SDWebImageOperation.h */,
				CADE0E491BCE94670006FAF4 /* SDWebImagePrefetcher.h */,
				CADE0E4A1BCE94670006FAF4 /* SDWebImagePrefetcher.m */,
				CADE0E4B1BCE94670006FAF4 /* UIButton+WebCache.h */,
				CADE0E4C1BCE94670006FAF4 /* UIButton+WebCache.m */,
				CADE0E4D1BCE94670006FAF4 /* UIImage+GIF.h */,
				CADE0E4E1BCE94670006FAF4 /* UIImage+GIF.m */,
				CADE0E4F1BCE94670006FAF4 /* UIImage+MultiFormat.h */,
				CADE0E501BCE94670006FAF4 /* UIImage+MultiFormat.m */,
				CADE0E511BCE94670006FAF4 /* UIImage+WebP.h */,
				CADE0E521BCE94670006FAF4 /* UIImage+WebP.m */,
				CADE0E531BCE94670006FAF4 /* UIImageView+HighlightedWebCache.h */,
				CADE0E541BCE94670006FAF4 /* UIImageView+HighlightedWebCache.m */,
				CADE0E551BCE94670006FAF4 /* UIImageView+WebCache.h */,
				CADE0E561BCE94670006FAF4 /* UIImageView+WebCache.m */,
				CADE0E571BCE94670006FAF4 /* UIView+WebCacheOperation.h */,
				CADE0E581BCE94670006FAF4 /* UIView+WebCacheOperation.m */,
			);
			path = SDWebImage;
			sourceTree = "<group>";
		};
		CADE0E691BCE9A650006FAF4 /* MJExtension */ = {
			isa = PBXGroup;
			children = (
				CADE0E6A1BCE9A650006FAF4 /* MJArgument.h */,
				CADE0E6B1BCE9A650006FAF4 /* MJArgument.m */,
				CADE0E6C1BCE9A650006FAF4 /* MJConst.h */,
				CADE0E6D1BCE9A650006FAF4 /* MJConst.m */,
				CADE0E6E1BCE9A650006FAF4 /* MJExtension.h */,
				CADE0E6F1BCE9A650006FAF4 /* MJFoundation.h */,
				CADE0E701BCE9A650006FAF4 /* MJFoundation.m */,
				CADE0E711BCE9A650006FAF4 /* MJIvar.h */,
				CADE0E721BCE9A650006FAF4 /* MJIvar.m */,
				CADE0E731BCE9A650006FAF4 /* MJMember.h */,
				CADE0E741BCE9A650006FAF4 /* MJMember.m */,
				CADE0E751BCE9A650006FAF4 /* MJMethod.h */,
				CADE0E761BCE9A650006FAF4 /* MJMethod.m */,
				CADE0E771BCE9A650006FAF4 /* MJType.h */,
				CADE0E781BCE9A650006FAF4 /* MJType.m */,
				CADE0E791BCE9A650006FAF4 /* MJTypeEncoding.h */,
				CADE0E7A1BCE9A650006FAF4 /* MJTypeEncoding.m */,
				CADE0E7B1BCE9A650006FAF4 /* NSObject+MJCoding.h */,
				CADE0E7C1BCE9A650006FAF4 /* NSObject+MJCoding.m */,
				CADE0E7D1BCE9A650006FAF4 /* NSObject+MJKeyValue.h */,
				CADE0E7E1BCE9A650006FAF4 /* NSObject+MJKeyValue.m */,
				CADE0E7F1BCE9A650006FAF4 /* NSObject+MJMember.h */,
				CADE0E801BCE9A650006FAF4 /* NSObject+MJMember.m */,
			);
			path = MJExtension;
			sourceTree = "<group>";
		};
		CAE3EEB41BC7EE270068B79F /* 第三方框架 */ = {
			isa = PBXGroup;
			children = (
				CADE0E691BCE9A650006FAF4 /* MJExtension */,
				CADE0E371BCE94670006FAF4 /* SDWebImage */,
				CA476C381BC93F3C005E6283 /* MBProgressHUD蒙版和提醒 */,
				CAE3EED81BC8BC990068B79F /* Masonry */,
				CAE3EEBB1BC8BC850068B79F /* AFNetworking */,
			);
			name = "第三方框架";
			sourceTree = "<group>";
		};
		CAE3EEBB1BC8BC850068B79F /* AFNetworking */ = {
			isa = PBXGroup;
			children = (
				CAE3EEBC1BC8BC850068B79F /* AFHTTPRequestOperation.h */,
				CAE3EEBD1BC8BC850068B79F /* AFHTTPRequestOperation.m */,
				CAE3EEBE1BC8BC850068B79F /* AFHTTPRequestOperationManager.h */,
				CAE3EEBF1BC8BC850068B79F /* AFHTTPRequestOperationManager.m */,
				CAE3EEC01BC8BC850068B79F /* AFHTTPSessionManager.h */,
				CAE3EEC11BC8BC850068B79F /* AFHTTPSessionManager.m */,
				CAE3EEC21BC8BC850068B79F /* AFNetworking.h */,
				CAE3EEC31BC8BC850068B79F /* AFNetworkReachabilityManager.h */,
				CAE3EEC41BC8BC850068B79F /* AFNetworkReachabilityManager.m */,
				CAE3EEC51BC8BC850068B79F /* AFSecurityPolicy.h */,
				CAE3EEC61BC8BC850068B79F /* AFSecurityPolicy.m */,
				CAE3EEC71BC8BC850068B79F /* AFURLConnectionOperation.h */,
				CAE3EEC81BC8BC850068B79F /* AFURLConnectionOperation.m */,
				CAE3EEC91BC8BC850068B79F /* AFURLRequestSerialization.h */,
				CAE3EECA1BC8BC850068B79F /* AFURLRequestSerialization.m */,
				CAE3EECB1BC8BC850068B79F /* AFURLResponseSerialization.h */,
				CAE3EECC1BC8BC850068B79F /* AFURLResponseSerialization.m */,
				CAE3EECD1BC8BC850068B79F /* AFURLSessionManager.h */,
				CAE3EECE1BC8BC850068B79F /* AFURLSessionManager.m */,
			);
			path = AFNetworking;
			sourceTree = "<group>";
		};
		CAE3EED81BC8BC990068B79F /* Masonry */ = {
			isa = PBXGroup;
			children = (
				CAE3EED91BC8BC990068B79F /* Info.plist */,
				CAE3EEDA1BC8BC990068B79F /* MASCompositeConstraint.h */,
				CAE3EEDB1BC8BC990068B79F /* MASCompositeConstraint.m */,
				CAE3EEDC1BC8BC990068B79F /* MASConstraint+Private.h */,
				CAE3EEDD1BC8BC990068B79F /* MASConstraint.h */,
				CAE3EEDE1BC8BC990068B79F /* MASConstraint.m */,
				CAE3EEDF1BC8BC990068B79F /* MASConstraintMaker.h */,
				CAE3EEE01BC8BC990068B79F /* MASConstraintMaker.m */,
				CAE3EEE11BC8BC990068B79F /* MASLayoutConstraint.h */,
				CAE3EEE21BC8BC990068B79F /* MASLayoutConstraint.m */,
				CAE3EEE31BC8BC990068B79F /* Masonry.h */,
				CAE3EEE41BC8BC990068B79F /* MASUtilities.h */,
				CAE3EEE51BC8BC990068B79F /* MASViewAttribute.h */,
				CAE3EEE61BC8BC990068B79F /* MASViewAttribute.m */,
				CAE3EEE71BC8BC990068B79F /* MASViewConstraint.h */,
				CAE3EEE81BC8BC990068B79F /* MASViewConstraint.m */,
				CAE3EEE91BC8BC990068B79F /* NSArray+MASAdditions.h */,
				CAE3EEEA1BC8BC990068B79F /* NSArray+MASAdditions.m */,
				CAE3EEEB1BC8BC990068B79F /* NSArray+MASShorthandAdditions.h */,
				CAE3EEEC1BC8BC990068B79F /* NSLayoutConstraint+MASDebugAdditions.h */,
				CAE3EEED1BC8BC990068B79F /* NSLayoutConstraint+MASDebugAdditions.m */,
				CAE3EEEE1BC8BC990068B79F /* View+MASAdditions.h */,
				CAE3EEEF1BC8BC990068B79F /* View+MASAdditions.m */,
				CAE3EEF01BC8BC990068B79F /* View+MASShorthandAdditions.h */,
				CAE3EEF11BC8BC990068B79F /* ViewController+MASAdditions.h */,
				CAE3EEF21BC8BC990068B79F /* ViewController+MASAdditions.m */,
			);
			path = Masonry;
			sourceTree = "<group>";
		};
		CAEE1D011BCBE40F0069E727 /* OAuth(授权) */ = {
			isa = PBXGroup;
			children = (
				CAEE1D061BCBE40F0069E727 /* Tool(工具 用来存储帐号的  方便以后调用) */,
				CAEE1D131BCBE6550069E727 /* Model */,
				CAEE1D021BCBE40F0069E727 /* Controller */,
			);
			path = "OAuth(授权)";
			sourceTree = "<group>";
		};
		CAEE1D021BCBE40F0069E727 /* Controller */ = {
			isa = PBXGroup;
			children = (
				CAEE1D031BCBE40F0069E727 /* ZCOAuthViewCOntroller.h */,
				CAEE1D041BCBE40F0069E727 /* ZCOAuthViewCOntroller.m */,
			);
			path = Controller;
			sourceTree = "<group>";
		};
		CAEE1D061BCBE40F0069E727 /* Tool(工具 用来存储帐号的  方便以后调用) */ = {
			isa = PBXGroup;
			children = (
				CAEE1D171BCBE6750069E727 /* ZCAccountTool.h */,
				CAEE1D181BCBE6750069E727 /* ZCAccountTool.m */,
			);
			path = "Tool(工具 用来存储帐号的  方便以后调用)";
			sourceTree = "<group>";
		};
		CAEE1D0E1BCBE4500069E727 /* Newfeature(新特性) */ = {
			isa = PBXGroup;
			children = (
				CAEE1D0F1BCBE4500069E727 /* Controller */,
			);
			name = "Newfeature(新特性)";
			path = "OAuth(授权)/Newfeature(新特性)";
			sourceTree = "<group>";
		};
		CAEE1D0F1BCBE4500069E727 /* Controller */ = {
			isa = PBXGroup;
			children = (
				CAEE1D101BCBE4500069E727 /* ZCNewFeatureController.h */,
				CAEE1D111BCBE4500069E727 /* ZCNewFeatureController.m */,
			);
			path = Controller;
			sourceTree = "<group>";
		};
		CAEE1D131BCBE6550069E727 /* Model */ = {
			isa = PBXGroup;
			children = (
				CAEE1D141BCBE6550069E727 /* ZCAccount.h */,
				CAEE1D151BCBE6550069E727 /* ZCAccount.m */,
			);
			path = Model;
			sourceTree = "<group>";
		};
/* End PBXGroup section */

/* Begin PBXNativeTarget section */
		CAC5D1341BC53F85005399BB /* 18-新浪微博独立01 */ = {
			isa = PBXNativeTarget;
			buildConfigurationList = CAC5D1581BC53F85005399BB /* Build configuration list for PBXNativeTarget "18-新浪微博独立01" */;
			buildPhases = (
				CAC5D1311BC53F85005399BB /* Sources */,
				CAC5D1321BC53F85005399BB /* Frameworks */,
				CAC5D1331BC53F85005399BB /* Resources */,
			);
			buildRules = (
			);
			dependencies = (
			);
			name = "18-新浪微博独立01";
			productName = "18-新浪微博独立01";
			productReference = CAC5D1351BC53F85005399BB /* 18-新浪微博独立01.app */;
			productType = "com.apple.product-type.application";
		};
		CAC5D14D1BC53F85005399BB /* 18-新浪微博独立01Tests */ = {
			isa = PBXNativeTarget;
			buildConfigurationList = CAC5D15B1BC53F85005399BB /* Build configuration list for PBXNativeTarget "18-新浪微博独立01Tests" */;
			buildPhases = (
				CAC5D14A1BC53F85005399BB /* Sources */,
				CAC5D14B1BC53F85005399BB /* Frameworks */,
				CAC5D14C1BC53F85005399BB /* Resources */,
			);
			buildRules = (
			);
			dependencies = (
				CAC5D1501BC53F85005399BB /* PBXTargetDependency */,
			);
			name = "18-新浪微博独立01Tests";
			productName = "18-新浪微博独立01Tests";
			productReference = CAC5D14E1BC53F85005399BB /* 18-新浪微博独立01Tests.xctest */;
			productType = "com.apple.product-type.bundle.unit-test";
		};
/* End PBXNativeTarget section */

/* Begin PBXProject section */
		CAC5D12D1BC53F85005399BB /* Project object */ = {
			isa = PBXProject;
			attributes = {
				CLASSPREFIX = ZC;
				LastUpgradeCheck = 0630;
				ORGANIZATIONNAME = "闲人";
				TargetAttributes = {
					CAC5D1341BC53F85005399BB = {
						CreatedOnToolsVersion = 6.3.2;
					};
					CAC5D14D1BC53F85005399BB = {
						CreatedOnToolsVersion = 6.3.2;
						TestTargetID = CAC5D1341BC53F85005399BB;
					};
				};
			};
			buildConfigurationList = CAC5D1301BC53F85005399BB /* Build configuration list for PBXProject "18-新浪微博独立01" */;
			compatibilityVersion = "Xcode 3.2";
			developmentRegion = English;
			hasScannedForEncodings = 0;
			knownRegions = (
				en,
				Base,
			);
			mainGroup = CAC5D12C1BC53F85005399BB;
			productRefGroup = CAC5D1361BC53F85005399BB /* Products */;
			projectDirPath = "";
			projectRoot = "";
			targets = (
				CAC5D1341BC53F85005399BB /* 18-新浪微博独立01 */,
				CAC5D14D1BC53F85005399BB /* 18-新浪微博独立01Tests */,
			);
		};
/* End PBXProject section */

/* Begin PBXResourcesBuildPhase section */
		CAC5D1331BC53F85005399BB /* Resources */ = {
			isa = PBXResourcesBuildPhase;
			buildActionMask = 2147483647;
			files = (
				CAE15F541BD33FB7003E0D13 /* ZCLoadMoreFooter.xib in Resources */,
				CAE3EEF31BC8BC990068B79F /* Info.plist in Resources */,
				CAC5D1461BC53F85005399BB /* Images.xcassets in Resources */,
				CA476C3F1BC93F3C005E6283 /* MBProgressHUD.bundle in Resources */,
			);
			runOnlyForDeploymentPostprocessing = 0;
		};
		CAC5D14C1BC53F85005399BB /* Resources */ = {
			isa = PBXResourcesBuildPhase;
			buildActionMask = 2147483647;
			files = (
			);
			runOnlyForDeploymentPostprocessing = 0;
		};
/* End PBXResourcesBuildPhase section */

/* Begin PBXSourcesBuildPhase section */
		CAC5D1311BC53F85005399BB /* Sources */ = {
			isa = PBXSourcesBuildPhase;
			buildActionMask = 2147483647;
			files = (
				CADE0E891BCE9A650006FAF4 /* NSObject+MJCoding.m in Sources */,
				CADE0E8A1BCE9A650006FAF4 /* NSObject+MJKeyValue.m in Sources */,
				CADE0E631BCE94670006FAF4 /* UIImage+GIF.m in Sources */,
				CADE0E811BCE9A650006FAF4 /* MJArgument.m in Sources */,
				CADE0E911BCE9A850006FAF4 /* ZCStatus.m in Sources */,
				CAE3EECF1BC8BC850068B79F /* AFHTTPRequestOperation.m in Sources */,
				CADE0E591BCE94670006FAF4 /* MKAnnotationView+WebCache.m in Sources */,
				CAE3EC9E1BC7DB550068B79F /* ZCPullDownViewController.m in Sources */,
				CADE0E601BCE94670006FAF4 /* SDWebImageManager.m in Sources */,
				CAE420661BC79CEC007FABBF /* ZCSearchTool.m in Sources */,
				CAE15F501BD33F6F003E0D13 /* ZCLoadMoreFooter.m in Sources */,
				CAC5D1B61BC64041005399BB /* ZCTest-1ViewController.m in Sources */,
				CAC5D1BA1BC643CB005399BB /* UIButton+Extension.m in Sources */,
				CADE0E841BCE9A650006FAF4 /* MJIvar.m in Sources */,
				CAE3EEFA1BC8BC990068B79F /* NSArray+MASAdditions.m in Sources */,
				CAC5D1B01BC64041005399BB /* ZCTabBarViewController.m in Sources */,
				CA476C401BC93F3C005E6283 /* MBProgressHUD.m in Sources */,
				CADE0E651BCE94670006FAF4 /* UIImage+WebP.m in Sources */,
				CAC5D1B71BC64041005399BB /* ZCTest-2ViewController.m in Sources */,
				CAE3EED11BC8BC850068B79F /* AFHTTPSessionManager.m in Sources */,
				CADE0E871BCE9A650006FAF4 /* MJType.m in Sources */,
				CADE0E831BCE9A650006FAF4 /* MJFoundation.m in Sources */,
				CAC5D1AF1BC64041005399BB /* ZCNavigationController.m in Sources */,
				CAC5D1AE1BC64041005399BB /* ZCHomeViewController.m in Sources */,
				CA4F258B1BDB4F1100F2469D /* ZCStatusCell.m in Sources */,
				CAE3EED21BC8BC850068B79F /* AFNetworkReachabilityManager.m in Sources */,
				CADE0E851BCE9A650006FAF4 /* MJMember.m in Sources */,
				CAEE1D1B1BCBF2620069E727 /* Foundation+Log.m in Sources */,
				CAE3EEF61BC8BC990068B79F /* MASConstraintMaker.m in Sources */,
				CAE3EEFC1BC8BC990068B79F /* View+MASAdditions.m in Sources */,
				CAEE1D0B1BCBE40F0069E727 /* ZCOAuthViewCOntroller.m in Sources */,
				CAEE1D191BCBE6750069E727 /* ZCAccountTool.m in Sources */,
				CAE3EEFD1BC8BC990068B79F /* ViewController+MASAdditions.m in Sources */,
				CAE3EEFB1BC8BC990068B79F /* NSLayoutConstraint+MASDebugAdditions.m in Sources */,
				CAE3EED71BC8BC850068B79F /* AFURLSessionManager.m in Sources */,
				CAE3EEF51BC8BC990068B79F /* MASConstraint.m in Sources */,
				CADE0E671BCE94670006FAF4 /* UIImageView+WebCache.m in Sources */,
				CADE0E621BCE94670006FAF4 /* UIButton+WebCache.m in Sources */,
				CADE0E821BCE9A650006FAF4 /* MJConst.m in Sources */,
				CAEE1D121BCBE4500069E727 /* ZCNewFeatureController.m in Sources */,
				CAC93C7B1BD90BFD00844E2B /* ZCPhotos.m in Sources */,
				CAE3ECA11BC7DD290068B79F /* ZCPullDownView.m in Sources */,
				CADE0E5B1BCE94670006FAF4 /* SDImageCache.m in Sources */,
				CADE0E5C1BCE94670006FAF4 /* SDWebImageCompat.m in Sources */,
				CAEE1D161BCBE6550069E727 /* ZCAccount.m in Sources */,
				CADE0E611BCE94670006FAF4 /* SDWebImagePrefetcher.m in Sources */,
				CADE0E641BCE94670006FAF4 /* UIImage+MultiFormat.m in Sources */,
				CADE0E5D1BCE94670006FAF4 /* SDWebImageDecoder.m in Sources */,
				CADE0E8E1BCE9A770006FAF4 /* ZCUser.m in Sources */,
				CAE3EEF91BC8BC990068B79F /* MASViewConstraint.m in Sources */,
				CAC5D1B31BC64041005399BB /* ZCAppDelegate.m in Sources */,
				CAE3EED41BC8BC850068B79F /* AFURLConnectionOperation.m in Sources */,
				CAE3EED61BC8BC850068B79F /* AFURLResponseSerialization.m in Sources */,
				CADE0E661BCE94670006FAF4 /* UIImageView+HighlightedWebCache.m in Sources */,
				CAC5D1B41BC64041005399BB /* ZCMessageViewController.m in Sources */,
				CAE3EED51BC8BC850068B79F /* AFURLRequestSerialization.m in Sources */,
				CAC5D1B11BC64041005399BB /* UIView+Extesion.m in Sources */,
				CAC5D1AD1BC64041005399BB /* ZCDiscoverViewController.m in Sources */,
				CAE2E3821BD5E4B1002BFBF8 /* ZCStatusFrame.m in Sources */,
				CAE3EEF81BC8BC990068B79F /* MASViewAttribute.m in Sources */,
				CAE3EEF71BC8BC990068B79F /* MASLayoutConstraint.m in Sources */,
				CA4F25881BDB4DFC00F2469D /* ZCHomeCellToolBar.m in Sources */,
				CAC5D1B21BC64041005399BB /* main.m in Sources */,
				CADE0E681BCE94670006FAF4 /* UIView+WebCacheOperation.m in Sources */,
				CA476C3E1BC93F3C005E6283 /* MBProgressHUD+NJ.m in Sources */,
				CAE3EEBA1BC8AE850068B79F /* ZCButton.m in Sources */,
				CAE3EEF41BC8BC990068B79F /* MASCompositeConstraint.m in Sources */,
				CADE0E881BCE9A650006FAF4 /* MJTypeEncoding.m in Sources */,
				CADE0E5A1BCE94670006FAF4 /* NSData+ImageContentType.m in Sources */,
				CADE0E8B1BCE9A650006FAF4 /* NSObject+MJMember.m in Sources */,
				CAE3EEB71BC89BAF0068B79F /* ZCTabBar.m in Sources */,
				CAE3EED01BC8BC850068B79F /* AFHTTPRequestOperationManager.m in Sources */,
				CADE0E5F1BCE94670006FAF4 /* SDWebImageDownloaderOperation.m in Sources */,
				CAE3EED31BC8BC850068B79F /* AFSecurityPolicy.m in Sources */,
				CADE0E5E1BCE94670006FAF4 /* SDWebImageDownloader.m in Sources */,
				CADE0E861BCE9A650006FAF4 /* MJMethod.m in Sources */,
				CAC5D1B51BC64041005399BB /* ZCProfileTableViewController.m in Sources */,
			);
			runOnlyForDeploymentPostprocessing = 0;
		};
		CAC5D14A1BC53F85005399BB /* Sources */ = {
			isa = PBXSourcesBuildPhase;
			buildActionMask = 2147483647;
			files = (
				CAC5D1551BC53F85005399BB /* _8_______01Tests.m in Sources */,
			);
			runOnlyForDeploymentPostprocessing = 0;
		};
/* End PBXSourcesBuildPhase section */

/* Begin PBXTargetDependency section */
		CAC5D1501BC53F85005399BB /* PBXTargetDependency */ = {
			isa = PBXTargetDependency;
			target = CAC5D1341BC53F85005399BB /* 18-新浪微博独立01 */;
			targetProxy = CAC5D14F1BC53F85005399BB /* PBXContainerItemProxy */;
		};
/* End PBXTargetDependency section */

/* Begin XCBuildConfiguration section */
		CAC5D1561BC53F85005399BB /* Debug */ = {
			isa = XCBuildConfiguration;
			buildSettings = {
				ALWAYS_SEARCH_USER_PATHS = NO;
				CLANG_CXX_LANGUAGE_STANDARD = "gnu++0x";
				CLANG_CXX_LIBRARY = "libc++";
				CLANG_ENABLE_MODULES = YES;
				CLANG_ENABLE_OBJC_ARC = YES;
				CLANG_WARN_BOOL_CONVERSION = YES;
				CLANG_WARN_CONSTANT_CONVERSION = YES;
				CLANG_WARN_DIRECT_OBJC_ISA_USAGE = YES_ERROR;
				CLANG_WARN_EMPTY_BODY = YES;
				CLANG_WARN_ENUM_CONVERSION = YES;
				CLANG_WARN_INT_CONVERSION = YES;
				CLANG_WARN_OBJC_ROOT_CLASS = YES_ERROR;
				CLANG_WARN_UNREACHABLE_CODE = YES;
				CLANG_WARN__DUPLICATE_METHOD_MATCH = YES;
				"CODE_SIGN_IDENTITY[sdk=iphoneos*]" = "iPhone Developer";
				COPY_PHASE_STRIP = NO;
				DEBUG_INFORMATION_FORMAT = "dwarf-with-dsym";
				ENABLE_STRICT_OBJC_MSGSEND = YES;
				GCC_C_LANGUAGE_STANDARD = gnu99;
				GCC_DYNAMIC_NO_PIC = NO;
				GCC_NO_COMMON_BLOCKS = YES;
				GCC_OPTIMIZATION_LEVEL = 0;
				GCC_PREPROCESSOR_DEFINITIONS = (
					"DEBUG=1",
					"$(inherited)",
				);
				GCC_SYMBOLS_PRIVATE_EXTERN = NO;
				GCC_WARN_64_TO_32_BIT_CONVERSION = YES;
				GCC_WARN_ABOUT_RETURN_TYPE = YES_ERROR;
				GCC_WARN_UNDECLARED_SELECTOR = YES;
				GCC_WARN_UNINITIALIZED_AUTOS = YES_AGGRESSIVE;
				GCC_WARN_UNUSED_FUNCTION = YES;
				GCC_WARN_UNUSED_VARIABLE = YES;
				IPHONEOS_DEPLOYMENT_TARGET = 8.3;
				MTL_ENABLE_DEBUG_INFO = YES;
				ONLY_ACTIVE_ARCH = YES;
				SDKROOT = iphoneos;
				TARGETED_DEVICE_FAMILY = "1,2";
			};
			name = Debug;
		};
		CAC5D1571BC53F85005399BB /* Release */ = {
			isa = XCBuildConfiguration;
			buildSettings = {
				ALWAYS_SEARCH_USER_PATHS = NO;
				CLANG_CXX_LANGUAGE_STANDARD = "gnu++0x";
				CLANG_CXX_LIBRARY = "libc++";
				CLANG_ENABLE_MODULES = YES;
				CLANG_ENABLE_OBJC_ARC = YES;
				CLANG_WARN_BOOL_CONVERSION = YES;
				CLANG_WARN_CONSTANT_CONVERSION = YES;
				CLANG_WARN_DIRECT_OBJC_ISA_USAGE = YES_ERROR;
				CLANG_WARN_EMPTY_BODY = YES;
				CLANG_WARN_ENUM_CONVERSION = YES;
				CLANG_WARN_INT_CONVERSION = YES;
				CLANG_WARN_OBJC_ROOT_CLASS = YES_ERROR;
				CLANG_WARN_UNREACHABLE_CODE = YES;
				CLANG_WARN__DUPLICATE_METHOD_MATCH = YES;
				"CODE_SIGN_IDENTITY[sdk=iphoneos*]" = "iPhone Developer";
				COPY_PHASE_STRIP = NO;
				DEBUG_INFORMATION_FORMAT = "dwarf-with-dsym";
				ENABLE_NS_ASSERTIONS = NO;
				ENABLE_STRICT_OBJC_MSGSEND = YES;
				GCC_C_LANGUAGE_STANDARD = gnu99;
				GCC_NO_COMMON_BLOCKS = YES;
				GCC_WARN_64_TO_32_BIT_CONVERSION = YES;
				GCC_WARN_ABOUT_RETURN_TYPE = YES_ERROR;
				GCC_WARN_UNDECLARED_SELECTOR = YES;
				GCC_WARN_UNINITIALIZED_AUTOS = YES_AGGRESSIVE;
				GCC_WARN_UNUSED_FUNCTION = YES;
				GCC_WARN_UNUSED_VARIABLE = YES;
				IPHONEOS_DEPLOYMENT_TARGET = 8.3;
				MTL_ENABLE_DEBUG_INFO = NO;
				SDKROOT = iphoneos;
				TARGETED_DEVICE_FAMILY = "1,2";
				VALIDATE_PRODUCT = YES;
			};
			name = Release;
		};
		CAC5D1591BC53F85005399BB /* Debug */ = {
			isa = XCBuildConfiguration;
			buildSettings = {
				ASSETCATALOG_COMPILER_APPICON_NAME = AppIcon;
				ASSETCATALOG_COMPILER_LAUNCHIMAGE_NAME = LaunchImage;
				GCC_PREFIX_HEADER = "$(SRCROOT)/18-新浪微博独立01/新浪微博独立-prefix.pch";
				INFOPLIST_FILE = "18-新浪微博独立01/Info.plist";
				IPHONEOS_DEPLOYMENT_TARGET = 8.2;
				LD_RUNPATH_SEARCH_PATHS = "$(inherited) @executable_path/Frameworks";
				PRODUCT_NAME = "$(TARGET_NAME)";
			};
			name = Debug;
		};
		CAC5D15A1BC53F85005399BB /* Release */ = {
			isa = XCBuildConfiguration;
			buildSettings = {
				ASSETCATALOG_COMPILER_APPICON_NAME = AppIcon;
				ASSETCATALOG_COMPILER_LAUNCHIMAGE_NAME = LaunchImage;
				GCC_PREFIX_HEADER = "$(SRCROOT)/18-新浪微博独立01/新浪微博独立-prefix.pch";
				INFOPLIST_FILE = "18-新浪微博独立01/Info.plist";
				IPHONEOS_DEPLOYMENT_TARGET = 8.2;
				LD_RUNPATH_SEARCH_PATHS = "$(inherited) @executable_path/Frameworks";
				PRODUCT_NAME = "$(TARGET_NAME)";
			};
			name = Release;
		};
		CAC5D15C1BC53F85005399BB /* Debug */ = {
			isa = XCBuildConfiguration;
			buildSettings = {
				BUNDLE_LOADER = "$(TEST_HOST)";
				FRAMEWORK_SEARCH_PATHS = (
					"$(SDKROOT)/Developer/Library/Frameworks",
					"$(inherited)",
				);
				GCC_PREPROCESSOR_DEFINITIONS = (
					"DEBUG=1",
					"$(inherited)",
				);
				INFOPLIST_FILE = "18-新浪微博独立01Tests/Info.plist";
				LD_RUNPATH_SEARCH_PATHS = "$(inherited) @executable_path/Frameworks @loader_path/Frameworks";
				PRODUCT_NAME = "$(TARGET_NAME)";
				TEST_HOST = "$(BUILT_PRODUCTS_DIR)/18-新浪微博独立01.app/18-新浪微博独立01";
			};
			name = Debug;
		};
		CAC5D15D1BC53F85005399BB /* Release */ = {
			isa = XCBuildConfiguration;
			buildSettings = {
				BUNDLE_LOADER = "$(TEST_HOST)";
				FRAMEWORK_SEARCH_PATHS = (
					"$(SDKROOT)/Developer/Library/Frameworks",
					"$(inherited)",
				);
				INFOPLIST_FILE = "18-新浪微博独立01Tests/Info.plist";
				LD_RUNPATH_SEARCH_PATHS = "$(inherited) @executable_path/Frameworks @loader_path/Frameworks";
				PRODUCT_NAME = "$(TARGET_NAME)";
				TEST_HOST = "$(BUILT_PRODUCTS_DIR)/18-新浪微博独立01.app/18-新浪微博独立01";
			};
			name = Release;
		};
/* End XCBuildConfiguration section */

/* Begin XCConfigurationList section */
		CAC5D1301BC53F85005399BB /* Build configuration list for PBXProject "18-新浪微博独立01" */ = {
			isa = XCConfigurationList;
			buildConfigurations = (
				CAC5D1561BC53F85005399BB /* Debug */,
				CAC5D1571BC53F85005399BB /* Release */,
			);
			defaultConfigurationIsVisible = 0;
			defaultConfigurationName = Release;
		};
		CAC5D1581BC53F85005399BB /* Build configuration list for PBXNativeTarget "18-新浪微博独立01" */ = {
			isa = XCConfigurationList;
			buildConfigurations = (
				CAC5D1591BC53F85005399BB /* Debug */,
				CAC5D15A1BC53F85005399BB /* Release */,
			);
			defaultConfigurationIsVisible = 0;
			defaultConfigurationName = Release;
		};
		CAC5D15B1BC53F85005399BB /* Build configuration list for PBXNativeTarget "18-新浪微博独立01Tests" */ = {
			isa = XCConfigurationList;
			buildConfigurations = (
				CAC5D15C1BC53F85005399BB /* Debug */,
				CAC5D15D1BC53F85005399BB /* Release */,
			);
			defaultConfigurationIsVisible = 0;
			defaultConfigurationName = Release;
		};
/* End XCConfigurationList section */
	};
	rootObject = CAC5D12D1BC53F85005399BB /* Project object */;
}
